Microsoft Visual Studio Solution File, Format Version 11.00
# Visual Studio 2010
Project("{2150E333-8FDC-42A3-9474-1A3956D46DE8}") = "Apps", "Apps", "{D5688D12-6E08-44A6-A030-A1C1E45C7FB6}"
EndProject
Project("{2150E333-8FDC-42A3-9474-1A3956D46DE8}") = "SCU", "SCU", "{41D01D6E-7A0D-432E-B8BA-50EABFA3D505}"
EndProject
Project("{8BC9CEB8-8B4A-11D0-8D11-00A0C91BC942}") = "GFxPlayer_Lite", "..\Samples\GFxPlayer\GFxPlayer_Lite.vcxproj", "{21269B54-B4D8-43C1-8D8E-2CD7D9EB0032}"
	ProjectSection(ProjectDependencies) = postProject
		{9213A323-B89B-4C3F-AB01-CD41790B5124} = {9213A323-B89B-4C3F-AB01-CD41790B5124}
		{D1671C8B-6BF3-41A3-B9D0-22408DB31FA2} = {D1671C8B-6BF3-41A3-B9D0-22408DB31FA2}
		{A2A603B9-42E4-44BF-A38D-FDE727127A41} = {A2A603B9-42E4-44BF-A38D-FDE727127A41}
		{038026DD-CB4E-4FDF-83D5-7CF81B3692F5} = {038026DD-CB4E-4FDF-83D5-7CF81B3692F5}
		{9CE582FB-23AD-4911-A368-0290503B2867} = {9CE582FB-23AD-4911-A368-0290503B2867}
	EndProjectSection
EndProject
Project("{8BC9CEB8-8B4A-11D0-8D11-00A0C91BC942}") = "GFxPlayerTiny_Lite", "..\Samples\GFxPlayerTiny\GFxPlayerTiny_Lite.vcxproj", "{44E8106C-0FC5-42BA-9F2F-3E79597F5048}"
EndProject
Project("{8BC9CEB8-8B4A-11D0-8D11-00A0C91BC942}") = "GFxPlayerTinyStereo_Lite", "..\Samples\GFxPlayerTiny\GFxPlayerTinyStereo_Lite.vcxproj", "{290F8641-7D02-4BD9-8A39-C37A4FBF2C4C}"
EndProject
Project("{8BC9CEB8-8B4A-11D0-8D11-00A0C91BC942}") = "AIR_Lite", "GFx\AIR_Lite.vcxproj", "{EEF6F697-5263-42A9-85CD-3F3FC2B8C937}"
EndProject
Project("{8BC9CEB8-8B4A-11D0-8D11-00A0C91BC942}") = "AS2_Lite", "GFx\AS2_Lite.vcxproj", "{521D6A5E-21E0-4715-8087-76347F4C74D1}"
EndProject
Project("{8BC9CEB8-8B4A-11D0-8D11-00A0C91BC942}") = "AS3_Lite", "GFx\AS3_Lite.vcxproj", "{59006E75-D61D-4137-8C36-431D3638C50D}"
EndProject
Project("{8BC9CEB8-8B4A-11D0-8D11-00A0C91BC942}") = "GFx_Lite", "GFx\GFx_Lite.vcxproj", "{9CE582FB-23AD-4911-A368-0290503B2867}"
EndProject
Project("{8BC9CEB8-8B4A-11D0-8D11-00A0C91BC942}") = "Platform_Lite", "Platform\Platform_Lite.vcxproj", "{B7D89DB1-F564-4043-B0C6-D1EF9FECFA7A}"
EndProject
Project("{8BC9CEB8-8B4A-11D0-8D11-00A0C91BC942}") = "Render_PS3_Lite", "Render\Render_PS3_Lite.vcxproj", "{44730174-53A4-4C68-9514-2C4CFA40AAD7}"
EndProject
Project("{8BC9CEB8-8B4A-11D0-8D11-00A0C91BC942}") = "Sound_Lite", "Sound\Sound_Lite.vcxproj", "{4922CF8D-1F5B-4909-9675-7DE76D58172F}"
EndProject
Project("{8BC9CEB8-8B4A-11D0-8D11-00A0C91BC942}") = "Video_Lite", "Video\Video_Lite.vcxproj", "{D1671C8B-6BF3-41A3-B9D0-22408DB31FA2}"
EndProject
Project("{8BC9CEB8-8B4A-11D0-8D11-00A0C91BC942}") = "Expat_Lite", "Expat\Expat_Lite.vcxproj", "{EAC2B3A4-C28D-4490-BD71-2986659AD6FB}"
EndProject
Project("{8BC9CEB8-8B4A-11D0-8D11-00A0C91BC942}") = "AIR_Lite_SCU", "GFx\AIR_Lite_SCU.vcxproj", "{9213A323-B89B-4C3F-AB01-CD41790B5124}"
EndProject
Project("{8BC9CEB8-8B4A-11D0-8D11-00A0C91BC942}") = "AS2_Lite_SCU", "GFx\AS2_Lite_SCU.vcxproj", "{A2A603B9-42E4-44BF-A38D-FDE727127A41}"
EndProject
Project("{8BC9CEB8-8B4A-11D0-8D11-00A0C91BC942}") = "AS3_Lite_SCU", "GFx\AS3_Lite_SCU.vcxproj", "{038026DD-CB4E-4FDF-83D5-7CF81B3692F5}"
EndProject
Global
	GlobalSection(SolutionConfigurationPlatforms) = preSolution
		Debug_NoRTTI|PS3 = Debug_NoRTTI|PS3
		Release_NoRTTI|PS3 = Release_NoRTTI|PS3
		Shipping_NoRTTI|PS3 = Shipping_NoRTTI|PS3
	EndGlobalSection
	GlobalSection(ProjectConfigurationPlatforms) = postSolution
		{21269B54-B4D8-43C1-8D8E-2CD7D9EB0032}.Debug_NoRTTI|PS3.ActiveCfg = Debug_NoRTTI|PS3
		{21269B54-B4D8-43C1-8D8E-2CD7D9EB0032}.Debug_NoRTTI|PS3.Build.0 = Debug_NoRTTI|PS3
		{21269B54-B4D8-43C1-8D8E-2CD7D9EB0032}.Release_NoRTTI|PS3.ActiveCfg = Release_NoRTTI|PS3
		{21269B54-B4D8-43C1-8D8E-2CD7D9EB0032}.Release_NoRTTI|PS3.Build.0 = Release_NoRTTI|PS3
		{21269B54-B4D8-43C1-8D8E-2CD7D9EB0032}.Shipping_NoRTTI|PS3.ActiveCfg = Shipping_NoRTTI|PS3
		{21269B54-B4D8-43C1-8D8E-2CD7D9EB0032}.Shipping_NoRTTI|PS3.Build.0 = Shipping_NoRTTI|PS3
		{44E8106C-0FC5-42BA-9F2F-3E79597F5048}.Debug_NoRTTI|PS3.ActiveCfg = Debug_NoRTTI|PS3
		{44E8106C-0FC5-42BA-9F2F-3E79597F5048}.Debug_NoRTTI|PS3.Build.0 = Debug_NoRTTI|PS3
		{44E8106C-0FC5-42BA-9F2F-3E79597F5048}.Release_NoRTTI|PS3.ActiveCfg = Release_NoRTTI|PS3
		{44E8106C-0FC5-42BA-9F2F-3E79597F5048}.Release_NoRTTI|PS3.Build.0 = Release_NoRTTI|PS3
		{44E8106C-0FC5-42BA-9F2F-3E79597F5048}.Shipping_NoRTTI|PS3.ActiveCfg = Shipping_NoRTTI|PS3
		{44E8106C-0FC5-42BA-9F2F-3E79597F5048}.Shipping_NoRTTI|PS3.Build.0 = Shipping_NoRTTI|PS3
		{290F8641-7D02-4BD9-8A39-C37A4FBF2C4C}.Debug_NoRTTI|PS3.ActiveCfg = Debug_NoRTTI|PS3
		{290F8641-7D02-4BD9-8A39-C37A4FBF2C4C}.Debug_NoRTTI|PS3.Build.0 = Debug_NoRTTI|PS3
		{290F8641-7D02-4BD9-8A39-C37A4FBF2C4C}.Release_NoRTTI|PS3.ActiveCfg = Release_NoRTTI|PS3
		{290F8641-7D02-4BD9-8A39-C37A4FBF2C4C}.Release_NoRTTI|PS3.Build.0 = Release_NoRTTI|PS3
		{290F8641-7D02-4BD9-8A39-C37A4FBF2C4C}.Shipping_NoRTTI|PS3.ActiveCfg = Shipping_NoRTTI|PS3
		{290F8641-7D02-4BD9-8A39-C37A4FBF2C4C}.Shipping_NoRTTI|PS3.Build.0 = Shipping_NoRTTI|PS3
		{EEF6F697-5263-42A9-85CD-3F3FC2B8C937}.Debug_NoRTTI|PS3.ActiveCfg = Debug_NoRTTI|PS3
		{EEF6F697-5263-42A9-85CD-3F3FC2B8C937}.Release_NoRTTI|PS3.ActiveCfg = Release_NoRTTI|PS3
		{EEF6F697-5263-42A9-85CD-3F3FC2B8C937}.Shipping_NoRTTI|PS3.ActiveCfg = Shipping_NoRTTI|PS3
		{521D6A5E-21E0-4715-8087-76347F4C74D1}.Debug_NoRTTI|PS3.ActiveCfg = Debug_NoRTTI|PS3
		{521D6A5E-21E0-4715-8087-76347F4C74D1}.Release_NoRTTI|PS3.ActiveCfg = Release_NoRTTI|PS3
		{521D6A5E-21E0-4715-8087-76347F4C74D1}.Shipping_NoRTTI|PS3.ActiveCfg = Shipping_NoRTTI|PS3
		{59006E75-D61D-4137-8C36-431D3638C50D}.Debug_NoRTTI|PS3.ActiveCfg = Debug_NoRTTI|PS3
		{59006E75-D61D-4137-8C36-431D3638C50D}.Release_NoRTTI|PS3.ActiveCfg = Release_NoRTTI|PS3
		{59006E75-D61D-4137-8C36-431D3638C50D}.Shipping_NoRTTI|PS3.ActiveCfg = Shipping_NoRTTI|PS3
		{9CE582FB-23AD-4911-A368-0290503B2867}.Debug_NoRTTI|PS3.ActiveCfg = Debug_NoRTTI|PS3
		{9CE582FB-23AD-4911-A368-0290503B2867}.Debug_NoRTTI|PS3.Build.0 = Debug_NoRTTI|PS3
		{9CE582FB-23AD-4911-A368-0290503B2867}.Release_NoRTTI|PS3.ActiveCfg = Release_NoRTTI|PS3
		{9CE582FB-23AD-4911-A368-0290503B2867}.Release_NoRTTI|PS3.Build.0 = Release_NoRTTI|PS3
		{9CE582FB-23AD-4911-A368-0290503B2867}.Shipping_NoRTTI|PS3.ActiveCfg = Shipping_NoRTTI|PS3
		{9CE582FB-23AD-4911-A368-0290503B2867}.Shipping_NoRTTI|PS3.Build.0 = Shipping_NoRTTI|PS3
		{B7D89DB1-F564-4043-B0C6-D1EF9FECFA7A}.Debug_NoRTTI|PS3.ActiveCfg = Debug_NoRTTI|PS3
		{B7D89DB1-F564-4043-B0C6-D1EF9FECFA7A}.Debug_NoRTTI|PS3.Build.0 = Debug_NoRTTI|PS3
		{B7D89DB1-F564-4043-B0C6-D1EF9FECFA7A}.Release_NoRTTI|PS3.ActiveCfg = Release_NoRTTI|PS3
		{B7D89DB1-F564-4043-B0C6-D1EF9FECFA7A}.Release_NoRTTI|PS3.Build.0 = Release_NoRTTI|PS3
		{B7D89DB1-F564-4043-B0C6-D1EF9FECFA7A}.Shipping_NoRTTI|PS3.ActiveCfg = Shipping_NoRTTI|PS3
		{B7D89DB1-F564-4043-B0C6-D1EF9FECFA7A}.Shipping_NoRTTI|PS3.Build.0 = Shipping_NoRTTI|PS3
		{44730174-53A4-4C68-9514-2C4CFA40AAD7}.Debug_NoRTTI|PS3.ActiveCfg = Debug_NoRTTI|PS3
		{44730174-53A4-4C68-9514-2C4CFA40AAD7}.Debug_NoRTTI|PS3.Build.0 = Debug_NoRTTI|PS3
		{44730174-53A4-4C68-9514-2C4CFA40AAD7}.Release_NoRTTI|PS3.ActiveCfg = Release_NoRTTI|PS3
		{44730174-53A4-4C68-9514-2C4CFA40AAD7}.Release_NoRTTI|PS3.Build.0 = Release_NoRTTI|PS3
		{44730174-53A4-4C68-9514-2C4CFA40AAD7}.Shipping_NoRTTI|PS3.ActiveCfg = Shipping_NoRTTI|PS3
		{44730174-53A4-4C68-9514-2C4CFA40AAD7}.Shipping_NoRTTI|PS3.Build.0 = Shipping_NoRTTI|PS3
		{4922CF8D-1F5B-4909-9675-7DE76D58172F}.Debug_NoRTTI|PS3.ActiveCfg = Debug_NoRTTI|PS3
		{4922CF8D-1F5B-4909-9675-7DE76D58172F}.Debug_NoRTTI|PS3.Build.0 = Debug_NoRTTI|PS3
		{4922CF8D-1F5B-4909-9675-7DE76D58172F}.Release_NoRTTI|PS3.ActiveCfg = Release_NoRTTI|PS3
		{4922CF8D-1F5B-4909-9675-7DE76D58172F}.Release_NoRTTI|PS3.Build.0 = Release_NoRTTI|PS3
		{4922CF8D-1F5B-4909-9675-7DE76D58172F}.Shipping_NoRTTI|PS3.ActiveCfg = Shipping_NoRTTI|PS3
		{4922CF8D-1F5B-4909-9675-7DE76D58172F}.Shipping_NoRTTI|PS3.Build.0 = Shipping_NoRTTI|PS3
		{D1671C8B-6BF3-41A3-B9D0-22408DB31FA2}.Debug_NoRTTI|PS3.ActiveCfg = Debug_NoRTTI|PS3
		{D1671C8B-6BF3-41A3-B9D0-22408DB31FA2}.Debug_NoRTTI|PS3.Build.0 = Debug_NoRTTI|PS3
		{D1671C8B-6BF3-41A3-B9D0-22408DB31FA2}.Release_NoRTTI|PS3.ActiveCfg = Release_NoRTTI|PS3
		{D1671C8B-6BF3-41A3-B9D0-22408DB31FA2}.Release_NoRTTI|PS3.Build.0 = Release_NoRTTI|PS3
		{D1671C8B-6BF3-41A3-B9D0-22408DB31FA2}.Shipping_NoRTTI|PS3.ActiveCfg = Shipping_NoRTTI|PS3
		{D1671C8B-6BF3-41A3-B9D0-22408DB31FA2}.Shipping_NoRTTI|PS3.Build.0 = Shipping_NoRTTI|PS3
		{EAC2B3A4-C28D-4490-BD71-2986659AD6FB}.Debug_NoRTTI|PS3.ActiveCfg = Debug_NoRTTI|PS3
		{EAC2B3A4-C28D-4490-BD71-2986659AD6FB}.Debug_NoRTTI|PS3.Build.0 = Debug_NoRTTI|PS3
		{EAC2B3A4-C28D-4490-BD71-2986659AD6FB}.Release_NoRTTI|PS3.ActiveCfg = Release_NoRTTI|PS3
		{EAC2B3A4-C28D-4490-BD71-2986659AD6FB}.Release_NoRTTI|PS3.Build.0 = Release_NoRTTI|PS3
		{EAC2B3A4-C28D-4490-BD71-2986659AD6FB}.Shipping_NoRTTI|PS3.ActiveCfg = Shipping_NoRTTI|PS3
		{EAC2B3A4-C28D-4490-BD71-2986659AD6FB}.Shipping_NoRTTI|PS3.Build.0 = Shipping_NoRTTI|PS3
		{9213A323-B89B-4C3F-AB01-CD41790B5124}.Debug_NoRTTI|PS3.ActiveCfg = Debug_NoRTTI|PS3
		{9213A323-B89B-4C3F-AB01-CD41790B5124}.Debug_NoRTTI|PS3.Build.0 = Debug_NoRTTI|PS3
		{9213A323-B89B-4C3F-AB01-CD41790B5124}.Release_NoRTTI|PS3.ActiveCfg = Release_NoRTTI|PS3
		{9213A323-B89B-4C3F-AB01-CD41790B5124}.Release_NoRTTI|PS3.Build.0 = Release_NoRTTI|PS3
		{9213A323-B89B-4C3F-AB01-CD41790B5124}.Shipping_NoRTTI|PS3.ActiveCfg = Shipping_NoRTTI|PS3
		{9213A323-B89B-4C3F-AB01-CD41790B5124}.Shipping_NoRTTI|PS3.Build.0 = Shipping_NoRTTI|PS3
		{A2A603B9-42E4-44BF-A38D-FDE727127A41}.Debug_NoRTTI|PS3.ActiveCfg = Debug_NoRTTI|PS3
		{A2A603B9-42E4-44BF-A38D-FDE727127A41}.Debug_NoRTTI|PS3.Build.0 = Debug_NoRTTI|PS3
		{A2A603B9-42E4-44BF-A38D-FDE727127A41}.Release_NoRTTI|PS3.ActiveCfg = Release_NoRTTI|PS3
		{A2A603B9-42E4-44BF-A38D-FDE727127A41}.Release_NoRTTI|PS3.Build.0 = Release_NoRTTI|PS3
		{A2A603B9-42E4-44BF-A38D-FDE727127A41}.Shipping_NoRTTI|PS3.ActiveCfg = Shipping_NoRTTI|PS3
		{A2A603B9-42E4-44BF-A38D-FDE727127A41}.Shipping_NoRTTI|PS3.Build.0 = Shipping_NoRTTI|PS3
		{038026DD-CB4E-4FDF-83D5-7CF81B3692F5}.Debug_NoRTTI|PS3.ActiveCfg = Debug_NoRTTI|PS3
		{038026DD-CB4E-4FDF-83D5-7CF81B3692F5}.Debug_NoRTTI|PS3.Build.0 = Debug_NoRTTI|PS3
		{038026DD-CB4E-4FDF-83D5-7CF81B3692F5}.Release_NoRTTI|PS3.ActiveCfg = Release_NoRTTI|PS3
		{038026DD-CB4E-4FDF-83D5-7CF81B3692F5}.Release_NoRTTI|PS3.Build.0 = Release_NoRTTI|PS3
		{038026DD-CB4E-4FDF-83D5-7CF81B3692F5}.Shipping_NoRTTI|PS3.ActiveCfg = Shipping_NoRTTI|PS3
		{038026DD-CB4E-4FDF-83D5-7CF81B3692F5}.Shipping_NoRTTI|PS3.Build.0 = Shipping_NoRTTI|PS3
	EndGlobalSection
	GlobalSection(SolutionProperties) = preSolution
		HideSolutionNode = FALSE
	EndGlobalSection
	GlobalSection(NestedProjects) = preSolution
		{21269B54-B4D8-43C1-8D8E-2CD7D9EB0032} = {D5688D12-6E08-44A6-A030-A1C1E45C7FB6}
		{44E8106C-0FC5-42BA-9F2F-3E79597F5048} = {D5688D12-6E08-44A6-A030-A1C1E45C7FB6}
		{290F8641-7D02-4BD9-8A39-C37A4FBF2C4C} = {D5688D12-6E08-44A6-A030-A1C1E45C7FB6}
		{9213A323-B89B-4C3F-AB01-CD41790B5124} = {41D01D6E-7A0D-432E-B8BA-50EABFA3D505}
		{A2A603B9-42E4-44BF-A38D-FDE727127A41} = {41D01D6E-7A0D-432E-B8BA-50EABFA3D505}
		{038026DD-CB4E-4FDF-83D5-7CF81B3692F5} = {41D01D6E-7A0D-432E-B8BA-50EABFA3D505}
	EndGlobalSection
EndGlobal
