Microsoft Visual Studio Solution File, Format Version 11.00
# Visual Studio 2010
Project("{8BC9CEB8-8B4A-11D0-8D11-00A0C91BC942}") = "GFx", "GFx\GFx.vcxproj", "{1686EA77-8BB4-4F30-90BE-C072751FF45B}"
EndProject
Project("{8BC9CEB8-8B4A-11D0-8D11-00A0C91BC942}") = "Sound", "Sound\Sound.vcxproj", "{2536DBBD-68A0-43D7-9269-CB62AE3E51AA}"
EndProject
Project("{8BC9CEB8-8B4A-11D0-8D11-00A0C91BC942}") = "AS2", "GFx\AS2.vcxproj", "{DADA3361-F31D-4C12-91A9-83ECE8E965B0}"
EndProject
Project("{8BC9CEB8-8B4A-11D0-8D11-00A0C91BC942}") = "GFxPlayer", "..\Samples\GFxPlayer\GFxPlayer.vcxproj", "{B5FA2660-B873-43C7-A8E4-25F3F261DA66}"
	ProjectSection(ProjectDependencies) = postProject
		{7F7CEF6A-3E9B-431E-8C50-8493D9618CA8} = {7F7CEF6A-3E9B-431E-8C50-8493D9618CA8}
		{1686EA77-8BB4-4F30-90BE-C072751FF45B} = {1686EA77-8BB4-4F30-90BE-C072751FF45B}
		{D36F8D99-BDA3-48C2-96D6-69781061C35A} = {D36F8D99-BDA3-48C2-96D6-69781061C35A}
		{8D4F41BD-93F4-4447-9B71-D748DAC11AA6} = {8D4F41BD-93F4-4447-9B71-D748DAC11AA6}
		{A7D92DEF-1692-46CF-B640-A9460C838EF2} = {A7D92DEF-1692-46CF-B640-A9460C838EF2}
	EndProjectSection
EndProject
Project("{8BC9CEB8-8B4A-11D0-8D11-00A0C91BC942}") = "Render_X360", "Render\Render_X360.vcxproj", "{4FC51F80-3574-42D5-BE4C-F843A7EF0F47}"
EndProject
Project("{8BC9CEB8-8B4A-11D0-8D11-00A0C91BC942}") = "AS3", "GFx\AS3.vcxproj", "{C8942BB3-8CCE-4E14-BB4D-AFB1FF98B261}"
	ProjectSection(ProjectDependencies) = postProject
		{1686EA77-8BB4-4F30-90BE-C072751FF45B} = {1686EA77-8BB4-4F30-90BE-C072751FF45B}
	EndProjectSection
EndProject
Project("{8BC9CEB8-8B4A-11D0-8D11-00A0C91BC942}") = "AIR", "GFx\AIR.vcxproj", "{D68CCF21-75CE-4977-BA67-AB62E78B22D8}"
EndProject
Project("{2150E333-8FDC-42A3-9474-1A3956D46DE8}") = "Unity", "Unity", "{375AEEE5-121A-42D3-8E29-AFB608519CCB}"
EndProject
Project("{8BC9CEB8-8B4A-11D0-8D11-00A0C91BC942}") = "Platform", "Platform\Platform.vcxproj", "{A7D92DEF-1692-46CF-B640-A9460C838EF2}"
EndProject
Project("{8BC9CEB8-8B4A-11D0-8D11-00A0C91BC942}") = "AIR_SCU", "GFx\AIR_SCU.vcxproj", "{8D4F41BD-93F4-4447-9B71-D748DAC11AA6}"
EndProject
Project("{8BC9CEB8-8B4A-11D0-8D11-00A0C91BC942}") = "AS2_SCU", "GFx\AS2_SCU.vcxproj", "{7F7CEF6A-3E9B-431E-8C50-8493D9618CA8}"
EndProject
Project("{8BC9CEB8-8B4A-11D0-8D11-00A0C91BC942}") = "AS3_SCU", "GFx\AS3_SCU.vcxproj", "{D36F8D99-BDA3-48C2-96D6-69781061C35A}"
EndProject
Project("{8BC9CEB8-8B4A-11D0-8D11-00A0C91BC942}") = "Expat", "Expat\Expat.vcxproj", "{9CD6C30D-B724-4EC5-A63E-0C4FCCA9503A}"
EndProject
Global
	GlobalSection(SolutionConfigurationPlatforms) = preSolution
		Debug_Lite|Xbox 360 = Debug_Lite|Xbox 360
		Debug|Xbox 360 = Debug|Xbox 360
		DebugOpt_Lite|Xbox 360 = DebugOpt_Lite|Xbox 360
		DebugOpt|Xbox 360 = DebugOpt|Xbox 360
		Release_Lite|Xbox 360 = Release_Lite|Xbox 360
		Release|Xbox 360 = Release|Xbox 360
		Shipping_Lite|Xbox 360 = Shipping_Lite|Xbox 360
		Shipping|Xbox 360 = Shipping|Xbox 360
	EndGlobalSection
	GlobalSection(ProjectConfigurationPlatforms) = postSolution
		{1686EA77-8BB4-4F30-90BE-C072751FF45B}.Debug_Lite|Xbox 360.ActiveCfg = Debug_Lite|Xbox 360
		{1686EA77-8BB4-4F30-90BE-C072751FF45B}.Debug_Lite|Xbox 360.Build.0 = Debug_Lite|Xbox 360
		{1686EA77-8BB4-4F30-90BE-C072751FF45B}.Debug_Lite|Xbox 360.Deploy.0 = Debug_Lite|Xbox 360
		{1686EA77-8BB4-4F30-90BE-C072751FF45B}.Debug|Xbox 360.ActiveCfg = Debug|Xbox 360
		{1686EA77-8BB4-4F30-90BE-C072751FF45B}.Debug|Xbox 360.Build.0 = Debug|Xbox 360
		{1686EA77-8BB4-4F30-90BE-C072751FF45B}.Debug|Xbox 360.Deploy.0 = Debug|Xbox 360
		{1686EA77-8BB4-4F30-90BE-C072751FF45B}.DebugOpt_Lite|Xbox 360.ActiveCfg = DebugOpt_Lite|Xbox 360
		{1686EA77-8BB4-4F30-90BE-C072751FF45B}.DebugOpt_Lite|Xbox 360.Build.0 = DebugOpt_Lite|Xbox 360
		{1686EA77-8BB4-4F30-90BE-C072751FF45B}.DebugOpt_Lite|Xbox 360.Deploy.0 = DebugOpt_Lite|Xbox 360
		{1686EA77-8BB4-4F30-90BE-C072751FF45B}.DebugOpt|Xbox 360.ActiveCfg = DebugOpt|Xbox 360
		{1686EA77-8BB4-4F30-90BE-C072751FF45B}.DebugOpt|Xbox 360.Build.0 = DebugOpt|Xbox 360
		{1686EA77-8BB4-4F30-90BE-C072751FF45B}.DebugOpt|Xbox 360.Deploy.0 = DebugOpt|Xbox 360
		{1686EA77-8BB4-4F30-90BE-C072751FF45B}.Release_Lite|Xbox 360.ActiveCfg = Release_Lite|Xbox 360
		{1686EA77-8BB4-4F30-90BE-C072751FF45B}.Release_Lite|Xbox 360.Build.0 = Release_Lite|Xbox 360
		{1686EA77-8BB4-4F30-90BE-C072751FF45B}.Release_Lite|Xbox 360.Deploy.0 = Release_Lite|Xbox 360
		{1686EA77-8BB4-4F30-90BE-C072751FF45B}.Release|Xbox 360.ActiveCfg = Release|Xbox 360
		{1686EA77-8BB4-4F30-90BE-C072751FF45B}.Release|Xbox 360.Build.0 = Release|Xbox 360
		{1686EA77-8BB4-4F30-90BE-C072751FF45B}.Release|Xbox 360.Deploy.0 = Release|Xbox 360
		{1686EA77-8BB4-4F30-90BE-C072751FF45B}.Shipping_Lite|Xbox 360.ActiveCfg = Shipping_Lite|Xbox 360
		{1686EA77-8BB4-4F30-90BE-C072751FF45B}.Shipping_Lite|Xbox 360.Build.0 = Shipping_Lite|Xbox 360
		{1686EA77-8BB4-4F30-90BE-C072751FF45B}.Shipping_Lite|Xbox 360.Deploy.0 = Shipping_Lite|Xbox 360
		{1686EA77-8BB4-4F30-90BE-C072751FF45B}.Shipping|Xbox 360.ActiveCfg = Shipping|Xbox 360
		{1686EA77-8BB4-4F30-90BE-C072751FF45B}.Shipping|Xbox 360.Build.0 = Shipping|Xbox 360
		{1686EA77-8BB4-4F30-90BE-C072751FF45B}.Shipping|Xbox 360.Deploy.0 = Shipping|Xbox 360
		{2536DBBD-68A0-43D7-9269-CB62AE3E51AA}.Debug_Lite|Xbox 360.ActiveCfg = Debug|Xbox 360
		{2536DBBD-68A0-43D7-9269-CB62AE3E51AA}.Debug_Lite|Xbox 360.Build.0 = Debug|Xbox 360
		{2536DBBD-68A0-43D7-9269-CB62AE3E51AA}.Debug_Lite|Xbox 360.Deploy.0 = Debug|Xbox 360
		{2536DBBD-68A0-43D7-9269-CB62AE3E51AA}.Debug|Xbox 360.ActiveCfg = Debug|Xbox 360
		{2536DBBD-68A0-43D7-9269-CB62AE3E51AA}.Debug|Xbox 360.Build.0 = Debug|Xbox 360
		{2536DBBD-68A0-43D7-9269-CB62AE3E51AA}.Debug|Xbox 360.Deploy.0 = Debug|Xbox 360
		{2536DBBD-68A0-43D7-9269-CB62AE3E51AA}.DebugOpt_Lite|Xbox 360.ActiveCfg = DebugOpt|Xbox 360
		{2536DBBD-68A0-43D7-9269-CB62AE3E51AA}.DebugOpt_Lite|Xbox 360.Build.0 = DebugOpt|Xbox 360
		{2536DBBD-68A0-43D7-9269-CB62AE3E51AA}.DebugOpt_Lite|Xbox 360.Deploy.0 = DebugOpt|Xbox 360
		{2536DBBD-68A0-43D7-9269-CB62AE3E51AA}.DebugOpt|Xbox 360.ActiveCfg = DebugOpt|Xbox 360
		{2536DBBD-68A0-43D7-9269-CB62AE3E51AA}.DebugOpt|Xbox 360.Build.0 = DebugOpt|Xbox 360
		{2536DBBD-68A0-43D7-9269-CB62AE3E51AA}.DebugOpt|Xbox 360.Deploy.0 = DebugOpt|Xbox 360
		{2536DBBD-68A0-43D7-9269-CB62AE3E51AA}.Release_Lite|Xbox 360.ActiveCfg = Release|Xbox 360
		{2536DBBD-68A0-43D7-9269-CB62AE3E51AA}.Release_Lite|Xbox 360.Build.0 = Release|Xbox 360
		{2536DBBD-68A0-43D7-9269-CB62AE3E51AA}.Release_Lite|Xbox 360.Deploy.0 = Release|Xbox 360
		{2536DBBD-68A0-43D7-9269-CB62AE3E51AA}.Release|Xbox 360.ActiveCfg = Release|Xbox 360
		{2536DBBD-68A0-43D7-9269-CB62AE3E51AA}.Release|Xbox 360.Build.0 = Release|Xbox 360
		{2536DBBD-68A0-43D7-9269-CB62AE3E51AA}.Release|Xbox 360.Deploy.0 = Release|Xbox 360
		{2536DBBD-68A0-43D7-9269-CB62AE3E51AA}.Shipping_Lite|Xbox 360.ActiveCfg = Shipping|Xbox 360
		{2536DBBD-68A0-43D7-9269-CB62AE3E51AA}.Shipping_Lite|Xbox 360.Build.0 = Shipping|Xbox 360
		{2536DBBD-68A0-43D7-9269-CB62AE3E51AA}.Shipping_Lite|Xbox 360.Deploy.0 = Shipping|Xbox 360
		{2536DBBD-68A0-43D7-9269-CB62AE3E51AA}.Shipping|Xbox 360.ActiveCfg = Shipping|Xbox 360
		{2536DBBD-68A0-43D7-9269-CB62AE3E51AA}.Shipping|Xbox 360.Build.0 = Shipping|Xbox 360
		{2536DBBD-68A0-43D7-9269-CB62AE3E51AA}.Shipping|Xbox 360.Deploy.0 = Shipping|Xbox 360
		{DADA3361-F31D-4C12-91A9-83ECE8E965B0}.Debug_Lite|Xbox 360.ActiveCfg = Debug_Lite|Xbox 360
		{DADA3361-F31D-4C12-91A9-83ECE8E965B0}.Debug_Lite|Xbox 360.Build.0 = Debug_Lite|Xbox 360
		{DADA3361-F31D-4C12-91A9-83ECE8E965B0}.Debug_Lite|Xbox 360.Deploy.0 = Debug_Lite|Xbox 360
		{DADA3361-F31D-4C12-91A9-83ECE8E965B0}.Debug|Xbox 360.ActiveCfg = Debug|Xbox 360
		{DADA3361-F31D-4C12-91A9-83ECE8E965B0}.Debug|Xbox 360.Build.0 = Debug|Xbox 360
		{DADA3361-F31D-4C12-91A9-83ECE8E965B0}.Debug|Xbox 360.Deploy.0 = Debug|Xbox 360
		{DADA3361-F31D-4C12-91A9-83ECE8E965B0}.DebugOpt_Lite|Xbox 360.ActiveCfg = DebugOpt_Lite|Xbox 360
		{DADA3361-F31D-4C12-91A9-83ECE8E965B0}.DebugOpt_Lite|Xbox 360.Build.0 = DebugOpt_Lite|Xbox 360
		{DADA3361-F31D-4C12-91A9-83ECE8E965B0}.DebugOpt_Lite|Xbox 360.Deploy.0 = DebugOpt_Lite|Xbox 360
		{DADA3361-F31D-4C12-91A9-83ECE8E965B0}.DebugOpt|Xbox 360.ActiveCfg = DebugOpt|Xbox 360
		{DADA3361-F31D-4C12-91A9-83ECE8E965B0}.DebugOpt|Xbox 360.Build.0 = DebugOpt|Xbox 360
		{DADA3361-F31D-4C12-91A9-83ECE8E965B0}.DebugOpt|Xbox 360.Deploy.0 = DebugOpt|Xbox 360
		{DADA3361-F31D-4C12-91A9-83ECE8E965B0}.Release_Lite|Xbox 360.ActiveCfg = Release_Lite|Xbox 360
		{DADA3361-F31D-4C12-91A9-83ECE8E965B0}.Release_Lite|Xbox 360.Build.0 = Release_Lite|Xbox 360
		{DADA3361-F31D-4C12-91A9-83ECE8E965B0}.Release_Lite|Xbox 360.Deploy.0 = Release_Lite|Xbox 360
		{DADA3361-F31D-4C12-91A9-83ECE8E965B0}.Release|Xbox 360.ActiveCfg = Release|Xbox 360
		{DADA3361-F31D-4C12-91A9-83ECE8E965B0}.Release|Xbox 360.Build.0 = Release|Xbox 360
		{DADA3361-F31D-4C12-91A9-83ECE8E965B0}.Release|Xbox 360.Deploy.0 = Release|Xbox 360
		{DADA3361-F31D-4C12-91A9-83ECE8E965B0}.Shipping_Lite|Xbox 360.ActiveCfg = Shipping_Lite|Xbox 360
		{DADA3361-F31D-4C12-91A9-83ECE8E965B0}.Shipping_Lite|Xbox 360.Build.0 = Shipping_Lite|Xbox 360
		{DADA3361-F31D-4C12-91A9-83ECE8E965B0}.Shipping_Lite|Xbox 360.Deploy.0 = Shipping_Lite|Xbox 360
		{DADA3361-F31D-4C12-91A9-83ECE8E965B0}.Shipping|Xbox 360.ActiveCfg = Shipping|Xbox 360
		{DADA3361-F31D-4C12-91A9-83ECE8E965B0}.Shipping|Xbox 360.Build.0 = Shipping|Xbox 360
		{DADA3361-F31D-4C12-91A9-83ECE8E965B0}.Shipping|Xbox 360.Deploy.0 = Shipping|Xbox 360
		{B5FA2660-B873-43C7-A8E4-25F3F261DA66}.Debug_Lite|Xbox 360.ActiveCfg = Debug|Xbox 360
		{B5FA2660-B873-43C7-A8E4-25F3F261DA66}.Debug_Lite|Xbox 360.Build.0 = Debug|Xbox 360
		{B5FA2660-B873-43C7-A8E4-25F3F261DA66}.Debug_Lite|Xbox 360.Deploy.0 = Debug|Xbox 360
		{B5FA2660-B873-43C7-A8E4-25F3F261DA66}.Debug|Xbox 360.ActiveCfg = Debug|Xbox 360
		{B5FA2660-B873-43C7-A8E4-25F3F261DA66}.Debug|Xbox 360.Build.0 = Debug|Xbox 360
		{B5FA2660-B873-43C7-A8E4-25F3F261DA66}.Debug|Xbox 360.Deploy.0 = Debug|Xbox 360
		{B5FA2660-B873-43C7-A8E4-25F3F261DA66}.DebugOpt_Lite|Xbox 360.ActiveCfg = DebugOpt|Xbox 360
		{B5FA2660-B873-43C7-A8E4-25F3F261DA66}.DebugOpt_Lite|Xbox 360.Build.0 = DebugOpt|Xbox 360
		{B5FA2660-B873-43C7-A8E4-25F3F261DA66}.DebugOpt_Lite|Xbox 360.Deploy.0 = DebugOpt|Xbox 360
		{B5FA2660-B873-43C7-A8E4-25F3F261DA66}.DebugOpt|Xbox 360.ActiveCfg = DebugOpt|Xbox 360
		{B5FA2660-B873-43C7-A8E4-25F3F261DA66}.DebugOpt|Xbox 360.Build.0 = DebugOpt|Xbox 360
		{B5FA2660-B873-43C7-A8E4-25F3F261DA66}.DebugOpt|Xbox 360.Deploy.0 = DebugOpt|Xbox 360
		{B5FA2660-B873-43C7-A8E4-25F3F261DA66}.Release_Lite|Xbox 360.ActiveCfg = Release|Xbox 360
		{B5FA2660-B873-43C7-A8E4-25F3F261DA66}.Release_Lite|Xbox 360.Build.0 = Release|Xbox 360
		{B5FA2660-B873-43C7-A8E4-25F3F261DA66}.Release_Lite|Xbox 360.Deploy.0 = Release|Xbox 360
		{B5FA2660-B873-43C7-A8E4-25F3F261DA66}.Release|Xbox 360.ActiveCfg = Release|Xbox 360
		{B5FA2660-B873-43C7-A8E4-25F3F261DA66}.Release|Xbox 360.Build.0 = Release|Xbox 360
		{B5FA2660-B873-43C7-A8E4-25F3F261DA66}.Release|Xbox 360.Deploy.0 = Release|Xbox 360
		{B5FA2660-B873-43C7-A8E4-25F3F261DA66}.Shipping_Lite|Xbox 360.ActiveCfg = Shipping|Xbox 360
		{B5FA2660-B873-43C7-A8E4-25F3F261DA66}.Shipping_Lite|Xbox 360.Build.0 = Shipping|Xbox 360
		{B5FA2660-B873-43C7-A8E4-25F3F261DA66}.Shipping_Lite|Xbox 360.Deploy.0 = Shipping|Xbox 360
		{B5FA2660-B873-43C7-A8E4-25F3F261DA66}.Shipping|Xbox 360.ActiveCfg = Shipping|Xbox 360
		{B5FA2660-B873-43C7-A8E4-25F3F261DA66}.Shipping|Xbox 360.Build.0 = Shipping|Xbox 360
		{B5FA2660-B873-43C7-A8E4-25F3F261DA66}.Shipping|Xbox 360.Deploy.0 = Shipping|Xbox 360
		{4FC51F80-3574-42D5-BE4C-F843A7EF0F47}.Debug_Lite|Xbox 360.ActiveCfg = Debug_Lite|Xbox 360
		{4FC51F80-3574-42D5-BE4C-F843A7EF0F47}.Debug_Lite|Xbox 360.Build.0 = Debug_Lite|Xbox 360
		{4FC51F80-3574-42D5-BE4C-F843A7EF0F47}.Debug_Lite|Xbox 360.Deploy.0 = Debug_Lite|Xbox 360
		{4FC51F80-3574-42D5-BE4C-F843A7EF0F47}.Debug|Xbox 360.ActiveCfg = Debug|Xbox 360
		{4FC51F80-3574-42D5-BE4C-F843A7EF0F47}.Debug|Xbox 360.Build.0 = Debug|Xbox 360
		{4FC51F80-3574-42D5-BE4C-F843A7EF0F47}.Debug|Xbox 360.Deploy.0 = Debug|Xbox 360
		{4FC51F80-3574-42D5-BE4C-F843A7EF0F47}.DebugOpt_Lite|Xbox 360.ActiveCfg = DebugOpt_Lite|Xbox 360
		{4FC51F80-3574-42D5-BE4C-F843A7EF0F47}.DebugOpt_Lite|Xbox 360.Build.0 = DebugOpt_Lite|Xbox 360
		{4FC51F80-3574-42D5-BE4C-F843A7EF0F47}.DebugOpt_Lite|Xbox 360.Deploy.0 = DebugOpt_Lite|Xbox 360
		{4FC51F80-3574-42D5-BE4C-F843A7EF0F47}.DebugOpt|Xbox 360.ActiveCfg = DebugOpt|Xbox 360
		{4FC51F80-3574-42D5-BE4C-F843A7EF0F47}.DebugOpt|Xbox 360.Build.0 = DebugOpt|Xbox 360
		{4FC51F80-3574-42D5-BE4C-F843A7EF0F47}.DebugOpt|Xbox 360.Deploy.0 = DebugOpt|Xbox 360
		{4FC51F80-3574-42D5-BE4C-F843A7EF0F47}.Release_Lite|Xbox 360.ActiveCfg = Release_Lite|Xbox 360
		{4FC51F80-3574-42D5-BE4C-F843A7EF0F47}.Release_Lite|Xbox 360.Build.0 = Release_Lite|Xbox 360
		{4FC51F80-3574-42D5-BE4C-F843A7EF0F47}.Release_Lite|Xbox 360.Deploy.0 = Release_Lite|Xbox 360
		{4FC51F80-3574-42D5-BE4C-F843A7EF0F47}.Release|Xbox 360.ActiveCfg = Release|Xbox 360
		{4FC51F80-3574-42D5-BE4C-F843A7EF0F47}.Release|Xbox 360.Build.0 = Release|Xbox 360
		{4FC51F80-3574-42D5-BE4C-F843A7EF0F47}.Release|Xbox 360.Deploy.0 = Release|Xbox 360
		{4FC51F80-3574-42D5-BE4C-F843A7EF0F47}.Shipping_Lite|Xbox 360.ActiveCfg = Shipping_Lite|Xbox 360
		{4FC51F80-3574-42D5-BE4C-F843A7EF0F47}.Shipping_Lite|Xbox 360.Build.0 = Shipping_Lite|Xbox 360
		{4FC51F80-3574-42D5-BE4C-F843A7EF0F47}.Shipping_Lite|Xbox 360.Deploy.0 = Shipping_Lite|Xbox 360
		{4FC51F80-3574-42D5-BE4C-F843A7EF0F47}.Shipping|Xbox 360.ActiveCfg = Shipping|Xbox 360
		{4FC51F80-3574-42D5-BE4C-F843A7EF0F47}.Shipping|Xbox 360.Build.0 = Shipping|Xbox 360
		{4FC51F80-3574-42D5-BE4C-F843A7EF0F47}.Shipping|Xbox 360.Deploy.0 = Shipping|Xbox 360
		{C8942BB3-8CCE-4E14-BB4D-AFB1FF98B261}.Debug_Lite|Xbox 360.ActiveCfg = Debug_Lite|Xbox 360
		{C8942BB3-8CCE-4E14-BB4D-AFB1FF98B261}.Debug_Lite|Xbox 360.Build.0 = Debug_Lite|Xbox 360
		{C8942BB3-8CCE-4E14-BB4D-AFB1FF98B261}.Debug_Lite|Xbox 360.Deploy.0 = Debug_Lite|Xbox 360
		{C8942BB3-8CCE-4E14-BB4D-AFB1FF98B261}.Debug|Xbox 360.ActiveCfg = Debug|Xbox 360
		{C8942BB3-8CCE-4E14-BB4D-AFB1FF98B261}.Debug|Xbox 360.Build.0 = Debug|Xbox 360
		{C8942BB3-8CCE-4E14-BB4D-AFB1FF98B261}.Debug|Xbox 360.Deploy.0 = Debug|Xbox 360
		{C8942BB3-8CCE-4E14-BB4D-AFB1FF98B261}.DebugOpt_Lite|Xbox 360.ActiveCfg = DebugOpt_Lite|Xbox 360
		{C8942BB3-8CCE-4E14-BB4D-AFB1FF98B261}.DebugOpt_Lite|Xbox 360.Build.0 = DebugOpt_Lite|Xbox 360
		{C8942BB3-8CCE-4E14-BB4D-AFB1FF98B261}.DebugOpt_Lite|Xbox 360.Deploy.0 = DebugOpt_Lite|Xbox 360
		{C8942BB3-8CCE-4E14-BB4D-AFB1FF98B261}.DebugOpt|Xbox 360.ActiveCfg = DebugOpt|Xbox 360
		{C8942BB3-8CCE-4E14-BB4D-AFB1FF98B261}.DebugOpt|Xbox 360.Build.0 = DebugOpt|Xbox 360
		{C8942BB3-8CCE-4E14-BB4D-AFB1FF98B261}.DebugOpt|Xbox 360.Deploy.0 = DebugOpt|Xbox 360
		{C8942BB3-8CCE-4E14-BB4D-AFB1FF98B261}.Release_Lite|Xbox 360.ActiveCfg = Release_Lite|Xbox 360
		{C8942BB3-8CCE-4E14-BB4D-AFB1FF98B261}.Release_Lite|Xbox 360.Build.0 = Release_Lite|Xbox 360
		{C8942BB3-8CCE-4E14-BB4D-AFB1FF98B261}.Release_Lite|Xbox 360.Deploy.0 = Release_Lite|Xbox 360
		{C8942BB3-8CCE-4E14-BB4D-AFB1FF98B261}.Release|Xbox 360.ActiveCfg = Release|Xbox 360
		{C8942BB3-8CCE-4E14-BB4D-AFB1FF98B261}.Release|Xbox 360.Build.0 = Release|Xbox 360
		{C8942BB3-8CCE-4E14-BB4D-AFB1FF98B261}.Release|Xbox 360.Deploy.0 = Release|Xbox 360
		{C8942BB3-8CCE-4E14-BB4D-AFB1FF98B261}.Shipping_Lite|Xbox 360.ActiveCfg = Shipping_Lite|Xbox 360
		{C8942BB3-8CCE-4E14-BB4D-AFB1FF98B261}.Shipping_Lite|Xbox 360.Build.0 = Shipping_Lite|Xbox 360
		{C8942BB3-8CCE-4E14-BB4D-AFB1FF98B261}.Shipping_Lite|Xbox 360.Deploy.0 = Shipping_Lite|Xbox 360
		{C8942BB3-8CCE-4E14-BB4D-AFB1FF98B261}.Shipping|Xbox 360.ActiveCfg = Shipping|Xbox 360
		{C8942BB3-8CCE-4E14-BB4D-AFB1FF98B261}.Shipping|Xbox 360.Build.0 = Shipping|Xbox 360
		{C8942BB3-8CCE-4E14-BB4D-AFB1FF98B261}.Shipping|Xbox 360.Deploy.0 = Shipping|Xbox 360
		{D68CCF21-75CE-4977-BA67-AB62E78B22D8}.Debug_Lite|Xbox 360.ActiveCfg = Debug_Lite|Xbox 360
		{D68CCF21-75CE-4977-BA67-AB62E78B22D8}.Debug_Lite|Xbox 360.Build.0 = Debug_Lite|Xbox 360
		{D68CCF21-75CE-4977-BA67-AB62E78B22D8}.Debug_Lite|Xbox 360.Deploy.0 = Debug_Lite|Xbox 360
		{D68CCF21-75CE-4977-BA67-AB62E78B22D8}.Debug|Xbox 360.ActiveCfg = Debug|Xbox 360
		{D68CCF21-75CE-4977-BA67-AB62E78B22D8}.Debug|Xbox 360.Build.0 = Debug|Xbox 360
		{D68CCF21-75CE-4977-BA67-AB62E78B22D8}.Debug|Xbox 360.Deploy.0 = Debug|Xbox 360
		{D68CCF21-75CE-4977-BA67-AB62E78B22D8}.DebugOpt_Lite|Xbox 360.ActiveCfg = DebugOpt_Lite|Xbox 360
		{D68CCF21-75CE-4977-BA67-AB62E78B22D8}.DebugOpt_Lite|Xbox 360.Build.0 = DebugOpt_Lite|Xbox 360
		{D68CCF21-75CE-4977-BA67-AB62E78B22D8}.DebugOpt_Lite|Xbox 360.Deploy.0 = DebugOpt_Lite|Xbox 360
		{D68CCF21-75CE-4977-BA67-AB62E78B22D8}.DebugOpt|Xbox 360.ActiveCfg = DebugOpt|Xbox 360
		{D68CCF21-75CE-4977-BA67-AB62E78B22D8}.DebugOpt|Xbox 360.Build.0 = DebugOpt|Xbox 360
		{D68CCF21-75CE-4977-BA67-AB62E78B22D8}.DebugOpt|Xbox 360.Deploy.0 = DebugOpt|Xbox 360
		{D68CCF21-75CE-4977-BA67-AB62E78B22D8}.Release_Lite|Xbox 360.ActiveCfg = Release_Lite|Xbox 360
		{D68CCF21-75CE-4977-BA67-AB62E78B22D8}.Release_Lite|Xbox 360.Build.0 = Release_Lite|Xbox 360
		{D68CCF21-75CE-4977-BA67-AB62E78B22D8}.Release_Lite|Xbox 360.Deploy.0 = Release_Lite|Xbox 360
		{D68CCF21-75CE-4977-BA67-AB62E78B22D8}.Release|Xbox 360.ActiveCfg = Release|Xbox 360
		{D68CCF21-75CE-4977-BA67-AB62E78B22D8}.Release|Xbox 360.Build.0 = Release|Xbox 360
		{D68CCF21-75CE-4977-BA67-AB62E78B22D8}.Release|Xbox 360.Deploy.0 = Release|Xbox 360
		{D68CCF21-75CE-4977-BA67-AB62E78B22D8}.Shipping_Lite|Xbox 360.ActiveCfg = Shipping_Lite|Xbox 360
		{D68CCF21-75CE-4977-BA67-AB62E78B22D8}.Shipping_Lite|Xbox 360.Build.0 = Shipping_Lite|Xbox 360
		{D68CCF21-75CE-4977-BA67-AB62E78B22D8}.Shipping_Lite|Xbox 360.Deploy.0 = Shipping_Lite|Xbox 360
		{D68CCF21-75CE-4977-BA67-AB62E78B22D8}.Shipping|Xbox 360.ActiveCfg = Shipping|Xbox 360
		{D68CCF21-75CE-4977-BA67-AB62E78B22D8}.Shipping|Xbox 360.Build.0 = Shipping|Xbox 360
		{D68CCF21-75CE-4977-BA67-AB62E78B22D8}.Shipping|Xbox 360.Deploy.0 = Shipping|Xbox 360
		{A7D92DEF-1692-46CF-B640-A9460C838EF2}.Debug_Lite|Xbox 360.ActiveCfg = Debug|Xbox 360
		{A7D92DEF-1692-46CF-B640-A9460C838EF2}.Debug_Lite|Xbox 360.Build.0 = Debug|Xbox 360
		{A7D92DEF-1692-46CF-B640-A9460C838EF2}.Debug_Lite|Xbox 360.Deploy.0 = Debug|Xbox 360
		{A7D92DEF-1692-46CF-B640-A9460C838EF2}.Debug|Xbox 360.ActiveCfg = Debug|Xbox 360
		{A7D92DEF-1692-46CF-B640-A9460C838EF2}.Debug|Xbox 360.Build.0 = Debug|Xbox 360
		{A7D92DEF-1692-46CF-B640-A9460C838EF2}.Debug|Xbox 360.Deploy.0 = Debug|Xbox 360
		{A7D92DEF-1692-46CF-B640-A9460C838EF2}.DebugOpt_Lite|Xbox 360.ActiveCfg = DebugOpt|Xbox 360
		{A7D92DEF-1692-46CF-B640-A9460C838EF2}.DebugOpt_Lite|Xbox 360.Build.0 = DebugOpt|Xbox 360
		{A7D92DEF-1692-46CF-B640-A9460C838EF2}.DebugOpt_Lite|Xbox 360.Deploy.0 = DebugOpt|Xbox 360
		{A7D92DEF-1692-46CF-B640-A9460C838EF2}.DebugOpt|Xbox 360.ActiveCfg = DebugOpt|Xbox 360
		{A7D92DEF-1692-46CF-B640-A9460C838EF2}.DebugOpt|Xbox 360.Build.0 = DebugOpt|Xbox 360
		{A7D92DEF-1692-46CF-B640-A9460C838EF2}.DebugOpt|Xbox 360.Deploy.0 = DebugOpt|Xbox 360
		{A7D92DEF-1692-46CF-B640-A9460C838EF2}.Release_Lite|Xbox 360.ActiveCfg = Release|Xbox 360
		{A7D92DEF-1692-46CF-B640-A9460C838EF2}.Release_Lite|Xbox 360.Build.0 = Release|Xbox 360
		{A7D92DEF-1692-46CF-B640-A9460C838EF2}.Release_Lite|Xbox 360.Deploy.0 = Release|Xbox 360
		{A7D92DEF-1692-46CF-B640-A9460C838EF2}.Release|Xbox 360.ActiveCfg = Release|Xbox 360
		{A7D92DEF-1692-46CF-B640-A9460C838EF2}.Release|Xbox 360.Build.0 = Release|Xbox 360
		{A7D92DEF-1692-46CF-B640-A9460C838EF2}.Release|Xbox 360.Deploy.0 = Release|Xbox 360
		{A7D92DEF-1692-46CF-B640-A9460C838EF2}.Shipping_Lite|Xbox 360.ActiveCfg = Shipping|Xbox 360
		{A7D92DEF-1692-46CF-B640-A9460C838EF2}.Shipping_Lite|Xbox 360.Build.0 = Shipping|Xbox 360
		{A7D92DEF-1692-46CF-B640-A9460C838EF2}.Shipping_Lite|Xbox 360.Deploy.0 = Shipping|Xbox 360
		{A7D92DEF-1692-46CF-B640-A9460C838EF2}.Shipping|Xbox 360.ActiveCfg = Shipping|Xbox 360
		{A7D92DEF-1692-46CF-B640-A9460C838EF2}.Shipping|Xbox 360.Build.0 = Shipping|Xbox 360
		{A7D92DEF-1692-46CF-B640-A9460C838EF2}.Shipping|Xbox 360.Deploy.0 = Shipping|Xbox 360
		{8D4F41BD-93F4-4447-9B71-D748DAC11AA6}.Debug_Lite|Xbox 360.ActiveCfg = Debug_Lite|Xbox 360
		{8D4F41BD-93F4-4447-9B71-D748DAC11AA6}.Debug_Lite|Xbox 360.Build.0 = Debug_Lite|Xbox 360
		{8D4F41BD-93F4-4447-9B71-D748DAC11AA6}.Debug_Lite|Xbox 360.Deploy.0 = Debug_Lite|Xbox 360
		{8D4F41BD-93F4-4447-9B71-D748DAC11AA6}.Debug|Xbox 360.ActiveCfg = Debug|Xbox 360
		{8D4F41BD-93F4-4447-9B71-D748DAC11AA6}.Debug|Xbox 360.Build.0 = Debug|Xbox 360
		{8D4F41BD-93F4-4447-9B71-D748DAC11AA6}.Debug|Xbox 360.Deploy.0 = Debug|Xbox 360
		{8D4F41BD-93F4-4447-9B71-D748DAC11AA6}.DebugOpt_Lite|Xbox 360.ActiveCfg = DebugOpt_Lite|Xbox 360
		{8D4F41BD-93F4-4447-9B71-D748DAC11AA6}.DebugOpt_Lite|Xbox 360.Build.0 = DebugOpt_Lite|Xbox 360
		{8D4F41BD-93F4-4447-9B71-D748DAC11AA6}.DebugOpt_Lite|Xbox 360.Deploy.0 = DebugOpt_Lite|Xbox 360
		{8D4F41BD-93F4-4447-9B71-D748DAC11AA6}.DebugOpt|Xbox 360.ActiveCfg = DebugOpt|Xbox 360
		{8D4F41BD-93F4-4447-9B71-D748DAC11AA6}.DebugOpt|Xbox 360.Build.0 = DebugOpt|Xbox 360
		{8D4F41BD-93F4-4447-9B71-D748DAC11AA6}.DebugOpt|Xbox 360.Deploy.0 = DebugOpt|Xbox 360
		{8D4F41BD-93F4-4447-9B71-D748DAC11AA6}.Release_Lite|Xbox 360.ActiveCfg = Release_Lite|Xbox 360
		{8D4F41BD-93F4-4447-9B71-D748DAC11AA6}.Release_Lite|Xbox 360.Build.0 = Release_Lite|Xbox 360
		{8D4F41BD-93F4-4447-9B71-D748DAC11AA6}.Release_Lite|Xbox 360.Deploy.0 = Release_Lite|Xbox 360
		{8D4F41BD-93F4-4447-9B71-D748DAC11AA6}.Release|Xbox 360.ActiveCfg = Release|Xbox 360
		{8D4F41BD-93F4-4447-9B71-D748DAC11AA6}.Release|Xbox 360.Build.0 = Release|Xbox 360
		{8D4F41BD-93F4-4447-9B71-D748DAC11AA6}.Release|Xbox 360.Deploy.0 = Release|Xbox 360
		{8D4F41BD-93F4-4447-9B71-D748DAC11AA6}.Shipping_Lite|Xbox 360.ActiveCfg = Shipping_Lite|Xbox 360
		{8D4F41BD-93F4-4447-9B71-D748DAC11AA6}.Shipping_Lite|Xbox 360.Build.0 = Shipping_Lite|Xbox 360
		{8D4F41BD-93F4-4447-9B71-D748DAC11AA6}.Shipping_Lite|Xbox 360.Deploy.0 = Shipping_Lite|Xbox 360
		{8D4F41BD-93F4-4447-9B71-D748DAC11AA6}.Shipping|Xbox 360.ActiveCfg = Shipping|Xbox 360
		{8D4F41BD-93F4-4447-9B71-D748DAC11AA6}.Shipping|Xbox 360.Build.0 = Shipping|Xbox 360
		{8D4F41BD-93F4-4447-9B71-D748DAC11AA6}.Shipping|Xbox 360.Deploy.0 = Shipping|Xbox 360
		{7F7CEF6A-3E9B-431E-8C50-8493D9618CA8}.Debug_Lite|Xbox 360.ActiveCfg = Debug_Lite|Xbox 360
		{7F7CEF6A-3E9B-431E-8C50-8493D9618CA8}.Debug_Lite|Xbox 360.Build.0 = Debug_Lite|Xbox 360
		{7F7CEF6A-3E9B-431E-8C50-8493D9618CA8}.Debug_Lite|Xbox 360.Deploy.0 = Debug_Lite|Xbox 360
		{7F7CEF6A-3E9B-431E-8C50-8493D9618CA8}.Debug|Xbox 360.ActiveCfg = Debug|Xbox 360
		{7F7CEF6A-3E9B-431E-8C50-8493D9618CA8}.Debug|Xbox 360.Build.0 = Debug|Xbox 360
		{7F7CEF6A-3E9B-431E-8C50-8493D9618CA8}.Debug|Xbox 360.Deploy.0 = Debug|Xbox 360
		{7F7CEF6A-3E9B-431E-8C50-8493D9618CA8}.DebugOpt_Lite|Xbox 360.ActiveCfg = DebugOpt_Lite|Xbox 360
		{7F7CEF6A-3E9B-431E-8C50-8493D9618CA8}.DebugOpt_Lite|Xbox 360.Build.0 = DebugOpt_Lite|Xbox 360
		{7F7CEF6A-3E9B-431E-8C50-8493D9618CA8}.DebugOpt_Lite|Xbox 360.Deploy.0 = DebugOpt_Lite|Xbox 360
		{7F7CEF6A-3E9B-431E-8C50-8493D9618CA8}.DebugOpt|Xbox 360.ActiveCfg = DebugOpt|Xbox 360
		{7F7CEF6A-3E9B-431E-8C50-8493D9618CA8}.DebugOpt|Xbox 360.Build.0 = DebugOpt|Xbox 360
		{7F7CEF6A-3E9B-431E-8C50-8493D9618CA8}.DebugOpt|Xbox 360.Deploy.0 = DebugOpt|Xbox 360
		{7F7CEF6A-3E9B-431E-8C50-8493D9618CA8}.Release_Lite|Xbox 360.ActiveCfg = Release_Lite|Xbox 360
		{7F7CEF6A-3E9B-431E-8C50-8493D9618CA8}.Release_Lite|Xbox 360.Build.0 = Release_Lite|Xbox 360
		{7F7CEF6A-3E9B-431E-8C50-8493D9618CA8}.Release_Lite|Xbox 360.Deploy.0 = Release_Lite|Xbox 360
		{7F7CEF6A-3E9B-431E-8C50-8493D9618CA8}.Release|Xbox 360.ActiveCfg = Release|Xbox 360
		{7F7CEF6A-3E9B-431E-8C50-8493D9618CA8}.Release|Xbox 360.Build.0 = Release|Xbox 360
		{7F7CEF6A-3E9B-431E-8C50-8493D9618CA8}.Release|Xbox 360.Deploy.0 = Release|Xbox 360
		{7F7CEF6A-3E9B-431E-8C50-8493D9618CA8}.Shipping_Lite|Xbox 360.ActiveCfg = Shipping_Lite|Xbox 360
		{7F7CEF6A-3E9B-431E-8C50-8493D9618CA8}.Shipping_Lite|Xbox 360.Build.0 = Shipping_Lite|Xbox 360
		{7F7CEF6A-3E9B-431E-8C50-8493D9618CA8}.Shipping_Lite|Xbox 360.Deploy.0 = Shipping_Lite|Xbox 360
		{7F7CEF6A-3E9B-431E-8C50-8493D9618CA8}.Shipping|Xbox 360.ActiveCfg = Shipping|Xbox 360
		{7F7CEF6A-3E9B-431E-8C50-8493D9618CA8}.Shipping|Xbox 360.Build.0 = Shipping|Xbox 360
		{7F7CEF6A-3E9B-431E-8C50-8493D9618CA8}.Shipping|Xbox 360.Deploy.0 = Shipping|Xbox 360
		{D36F8D99-BDA3-48C2-96D6-69781061C35A}.Debug_Lite|Xbox 360.ActiveCfg = Debug_Lite|Xbox 360
		{D36F8D99-BDA3-48C2-96D6-69781061C35A}.Debug_Lite|Xbox 360.Build.0 = Debug_Lite|Xbox 360
		{D36F8D99-BDA3-48C2-96D6-69781061C35A}.Debug_Lite|Xbox 360.Deploy.0 = Debug_Lite|Xbox 360
		{D36F8D99-BDA3-48C2-96D6-69781061C35A}.Debug|Xbox 360.ActiveCfg = Debug|Xbox 360
		{D36F8D99-BDA3-48C2-96D6-69781061C35A}.Debug|Xbox 360.Build.0 = Debug|Xbox 360
		{D36F8D99-BDA3-48C2-96D6-69781061C35A}.Debug|Xbox 360.Deploy.0 = Debug|Xbox 360
		{D36F8D99-BDA3-48C2-96D6-69781061C35A}.DebugOpt_Lite|Xbox 360.ActiveCfg = DebugOpt_Lite|Xbox 360
		{D36F8D99-BDA3-48C2-96D6-69781061C35A}.DebugOpt_Lite|Xbox 360.Build.0 = DebugOpt_Lite|Xbox 360
		{D36F8D99-BDA3-48C2-96D6-69781061C35A}.DebugOpt_Lite|Xbox 360.Deploy.0 = DebugOpt_Lite|Xbox 360
		{D36F8D99-BDA3-48C2-96D6-69781061C35A}.DebugOpt|Xbox 360.ActiveCfg = DebugOpt|Xbox 360
		{D36F8D99-BDA3-48C2-96D6-69781061C35A}.DebugOpt|Xbox 360.Build.0 = DebugOpt|Xbox 360
		{D36F8D99-BDA3-48C2-96D6-69781061C35A}.DebugOpt|Xbox 360.Deploy.0 = DebugOpt|Xbox 360
		{D36F8D99-BDA3-48C2-96D6-69781061C35A}.Release_Lite|Xbox 360.ActiveCfg = Release_Lite|Xbox 360
		{D36F8D99-BDA3-48C2-96D6-69781061C35A}.Release_Lite|Xbox 360.Build.0 = Release_Lite|Xbox 360
		{D36F8D99-BDA3-48C2-96D6-69781061C35A}.Release_Lite|Xbox 360.Deploy.0 = Release_Lite|Xbox 360
		{D36F8D99-BDA3-48C2-96D6-69781061C35A}.Release|Xbox 360.ActiveCfg = Release|Xbox 360
		{D36F8D99-BDA3-48C2-96D6-69781061C35A}.Release|Xbox 360.Build.0 = Release|Xbox 360
		{D36F8D99-BDA3-48C2-96D6-69781061C35A}.Release|Xbox 360.Deploy.0 = Release|Xbox 360
		{D36F8D99-BDA3-48C2-96D6-69781061C35A}.Shipping_Lite|Xbox 360.ActiveCfg = Shipping_Lite|Xbox 360
		{D36F8D99-BDA3-48C2-96D6-69781061C35A}.Shipping_Lite|Xbox 360.Build.0 = Shipping_Lite|Xbox 360
		{D36F8D99-BDA3-48C2-96D6-69781061C35A}.Shipping_Lite|Xbox 360.Deploy.0 = Shipping_Lite|Xbox 360
		{D36F8D99-BDA3-48C2-96D6-69781061C35A}.Shipping|Xbox 360.ActiveCfg = Shipping|Xbox 360
		{D36F8D99-BDA3-48C2-96D6-69781061C35A}.Shipping|Xbox 360.Build.0 = Shipping|Xbox 360
		{D36F8D99-BDA3-48C2-96D6-69781061C35A}.Shipping|Xbox 360.Deploy.0 = Shipping|Xbox 360
		{9CD6C30D-B724-4EC5-A63E-0C4FCCA9503A}.Debug_Lite|Xbox 360.ActiveCfg = Debug|Xbox 360
		{9CD6C30D-B724-4EC5-A63E-0C4FCCA9503A}.Debug_Lite|Xbox 360.Build.0 = Debug|Xbox 360
		{9CD6C30D-B724-4EC5-A63E-0C4FCCA9503A}.Debug_Lite|Xbox 360.Deploy.0 = Debug|Xbox 360
		{9CD6C30D-B724-4EC5-A63E-0C4FCCA9503A}.Debug|Xbox 360.ActiveCfg = Debug|Xbox 360
		{9CD6C30D-B724-4EC5-A63E-0C4FCCA9503A}.Debug|Xbox 360.Build.0 = Debug|Xbox 360
		{9CD6C30D-B724-4EC5-A63E-0C4FCCA9503A}.Debug|Xbox 360.Deploy.0 = Debug|Xbox 360
		{9CD6C30D-B724-4EC5-A63E-0C4FCCA9503A}.DebugOpt_Lite|Xbox 360.ActiveCfg = DebugOpt|Xbox 360
		{9CD6C30D-B724-4EC5-A63E-0C4FCCA9503A}.DebugOpt_Lite|Xbox 360.Build.0 = DebugOpt|Xbox 360
		{9CD6C30D-B724-4EC5-A63E-0C4FCCA9503A}.DebugOpt_Lite|Xbox 360.Deploy.0 = DebugOpt|Xbox 360
		{9CD6C30D-B724-4EC5-A63E-0C4FCCA9503A}.DebugOpt|Xbox 360.ActiveCfg = DebugOpt|Xbox 360
		{9CD6C30D-B724-4EC5-A63E-0C4FCCA9503A}.DebugOpt|Xbox 360.Build.0 = DebugOpt|Xbox 360
		{9CD6C30D-B724-4EC5-A63E-0C4FCCA9503A}.DebugOpt|Xbox 360.Deploy.0 = DebugOpt|Xbox 360
		{9CD6C30D-B724-4EC5-A63E-0C4FCCA9503A}.Release_Lite|Xbox 360.ActiveCfg = Release|Xbox 360
		{9CD6C30D-B724-4EC5-A63E-0C4FCCA9503A}.Release_Lite|Xbox 360.Build.0 = Release|Xbox 360
		{9CD6C30D-B724-4EC5-A63E-0C4FCCA9503A}.Release_Lite|Xbox 360.Deploy.0 = Release|Xbox 360
		{9CD6C30D-B724-4EC5-A63E-0C4FCCA9503A}.Release|Xbox 360.ActiveCfg = Release|Xbox 360
		{9CD6C30D-B724-4EC5-A63E-0C4FCCA9503A}.Release|Xbox 360.Build.0 = Release|Xbox 360
		{9CD6C30D-B724-4EC5-A63E-0C4FCCA9503A}.Release|Xbox 360.Deploy.0 = Release|Xbox 360
		{9CD6C30D-B724-4EC5-A63E-0C4FCCA9503A}.Shipping_Lite|Xbox 360.ActiveCfg = Shipping|Xbox 360
		{9CD6C30D-B724-4EC5-A63E-0C4FCCA9503A}.Shipping_Lite|Xbox 360.Build.0 = Shipping|Xbox 360
		{9CD6C30D-B724-4EC5-A63E-0C4FCCA9503A}.Shipping_Lite|Xbox 360.Deploy.0 = Shipping|Xbox 360
		{9CD6C30D-B724-4EC5-A63E-0C4FCCA9503A}.Shipping|Xbox 360.ActiveCfg = Shipping|Xbox 360
		{9CD6C30D-B724-4EC5-A63E-0C4FCCA9503A}.Shipping|Xbox 360.Build.0 = Shipping|Xbox 360
		{9CD6C30D-B724-4EC5-A63E-0C4FCCA9503A}.Shipping|Xbox 360.Deploy.0 = Shipping|Xbox 360
	EndGlobalSection
	GlobalSection(SolutionProperties) = preSolution
		HideSolutionNode = FALSE
	EndGlobalSection
	GlobalSection(NestedProjects) = preSolution
		{8D4F41BD-93F4-4447-9B71-D748DAC11AA6} = {375AEEE5-121A-42D3-8E29-AFB608519CCB}
		{7F7CEF6A-3E9B-431E-8C50-8493D9618CA8} = {375AEEE5-121A-42D3-8E29-AFB608519CCB}
		{D36F8D99-BDA3-48C2-96D6-69781061C35A} = {375AEEE5-121A-42D3-8E29-AFB608519CCB}
	EndGlobalSection
EndGlobal
