<?xml version="1.0" encoding="utf-8"?>
<Project ToolsVersion="4.0" xmlns="http://schemas.microsoft.com/developer/msbuild/2003">
  <ItemGroup>
    <Filter Include="GFx">
      <UniqueIdentifier>{5db8beef-bf7d-4590-aa8b-4baf23385132}</UniqueIdentifier>
    </Filter>
    <Filter Include="GFx\AS3">
      <UniqueIdentifier>{a0d084a9-8d84-441e-93a6-40ee6492ce0e}</UniqueIdentifier>
    </Filter>
    <Filter Include="GFx\AS3\Obj">
      <UniqueIdentifier>{be432837-4177-4949-a4a1-ed1e4119e924}</UniqueIdentifier>
    </Filter>
    <Filter Include="GFx\AS3\Obj\Desktop">
      <UniqueIdentifier>{888b7fb2-94f1-4706-844b-c19c12cbe7de}</UniqueIdentifier>
    </Filter>
    <Filter Include="GFx\AS3\Obj\Display">
      <UniqueIdentifier>{42c2bb9c-b7a0-4eda-9445-62fdb774f36d}</UniqueIdentifier>
    </Filter>
    <Filter Include="GFx\AS3\Obj\Events">
      <UniqueIdentifier>{2965a137-e391-42db-be5a-27865e66d34f}</UniqueIdentifier>
    </Filter>
    <Filter Include="GFx\AS3\Obj\Filesystem">
      <UniqueIdentifier>{3abf1ede-50c5-4c0d-abfa-e66ec10d7f6a}</UniqueIdentifier>
    </Filter>
    <Filter Include="GFx\AS3\Obj\Html">
      <UniqueIdentifier>{bb8a8289-c84e-4cc1-8f9a-eafedc21f245}</UniqueIdentifier>
    </Filter>
    <Filter Include="GFx\AS3\Obj\Net">
      <UniqueIdentifier>{25224b15-ec32-4642-9dea-4c3fbf78ec90}</UniqueIdentifier>
    </Filter>
    <Filter Include="GFx\AS3\Obj\Printing">
      <UniqueIdentifier>{d157c1fa-b4c0-449a-8354-3ea89ee38f6b}</UniqueIdentifier>
    </Filter>
    <Filter Include="GFx\AS3\Obj\Sampler">
      <UniqueIdentifier>{e8640d9f-ae77-4516-b851-d037eaa831c0}</UniqueIdentifier>
    </Filter>
    <Filter Include="GFx\AS3\Obj\Security">
      <UniqueIdentifier>{2d1d7c39-ca62-44e2-bd13-277cb4ad2b22}</UniqueIdentifier>
    </Filter>
    <Filter Include="GFx\AS3\Obj\Utils">
      <UniqueIdentifier>{09817cce-1ac1-4f0e-b395-d508adebf47a}</UniqueIdentifier>
    </Filter>
  </ItemGroup>
  <ItemGroup>
	<ClCompile Include="..\..\..\..\..\Src\GFx\AS3\Obj\Desktop\AS3_Obj_Desktop_AIR_All.cpp">
		<Filter>GFx\AS3\Obj\Desktop</Filter>
	</ClCompile>
	<ClCompile Include="..\..\..\..\..\Src\GFx\AS3\Obj\Display\AS3_Obj_Display_AIR_All.cpp">
		<Filter>GFx\AS3\Obj\Display</Filter>
	</ClCompile>
	<ClCompile Include="..\..\..\..\..\Src\GFx\AS3\Obj\Events\AS3_Obj_Events_AIR_All.cpp">
		<Filter>GFx\AS3\Obj\Events</Filter>
	</ClCompile>
	<ClCompile Include="..\..\..\..\..\Src\GFx\AS3\Obj\Filesystem\AS3_Obj_Filesystem_AIR_All.cpp">
		<Filter>GFx\AS3\Obj\Filesystem</Filter>
	</ClCompile>
	<ClCompile Include="..\..\..\..\..\Src\GFx\AS3\Obj\Html\AS3_Obj_Html_AIR_All.cpp">
		<Filter>GFx\AS3\Obj\Html</Filter>
	</ClCompile>
	<ClCompile Include="..\..\..\..\..\Src\GFx\AS3\Obj\Net\AS3_Obj_Net_AIR_All.cpp">
		<Filter>GFx\AS3\Obj\Net</Filter>
	</ClCompile>
	<ClCompile Include="..\..\..\..\..\Src\GFx\AS3\Obj\Printing\AS3_Obj_Printing_AIR_All.cpp">
		<Filter>GFx\AS3\Obj\Printing</Filter>
	</ClCompile>
	<ClCompile Include="..\..\..\..\..\Src\GFx\AS3\Obj\Sampler\AS3_Obj_Sampler_AIR_All.cpp">
		<Filter>GFx\AS3\Obj\Sampler</Filter>
	</ClCompile>
	<ClCompile Include="..\..\..\..\..\Src\GFx\AS3\Obj\Security\AS3_Obj_Security_AIR_All.cpp">
		<Filter>GFx\AS3\Obj\Security</Filter>
	</ClCompile>
	<ClCompile Include="..\..\..\..\..\Src\GFx\AS3\Obj\Utils\AS3_Obj_Utils_AIR_All.cpp">
		<Filter>GFx\AS3\Obj\Utils</Filter>
	</ClCompile>
  </ItemGroup>
</Project>