Microsoft Visual Studio Solution File, Format Version 11.00
# Visual Studio 2010
Project("{2150E333-8FDC-42A3-9474-1A3956D46DE8}") = "Kits", "Kits", "{0F7050A8-9A86-4408-B733-64583BC496DB}"
EndProject
Project("{8BC9CEB8-8B4A-11D0-8D11-00A0C91BC942}") = "Sound", "..\SDK\Sound\Sound.vcxproj", "{04C83899-0000-0000-0000-000000000000}"
EndProject
Project("{8BC9CEB8-8B4A-11D0-8D11-00A0C91BC942}") = "Render_GL", "..\SDK\Render\Render_GL.vcxproj", "{22D59080-83F0-4A1A-B203-72F51B0A3417}"
EndProject
Project("{8BC9CEB8-8B4A-11D0-8D11-00A0C91BC942}") = "Render_D3D9", "..\SDK\Render\Render_D3D9.vcxproj", "{F42830AA-2EEE-472F-A622-F1AA1391106C}"
EndProject
Project("{8BC9CEB8-8B4A-11D0-8D11-00A0C91BC942}") = "Platform", "..\SDK\Platform\Platform.vcxproj", "{F245741E-0AEC-4E93-BBEE-4980490FAB66}"
EndProject
Project("{8BC9CEB8-8B4A-11D0-8D11-00A0C91BC942}") = "Render_D3D1x", "..\SDK\Render\Render_D3D1x.vcxproj", "{74139640-2624-4BBC-AA15-C4C6730E3665}"
EndProject
Project("{8BC9CEB8-8B4A-11D0-8D11-00A0C91BC942}") = "HUDKit", "HUD\HUDKit.vcxproj", "{0C9CEB5B-7E6E-4A6F-92C4-649B033B4841}"
	ProjectSection(ProjectDependencies) = postProject
		{F245741E-0AEC-4E93-BBEE-4980490FAB66} = {F245741E-0AEC-4E93-BBEE-4980490FAB66}
		{74139640-2624-4BBC-AA15-C4C6730E3665} = {74139640-2624-4BBC-AA15-C4C6730E3665}
		{22D59080-83F0-4A1A-B203-72F51B0A3417} = {22D59080-83F0-4A1A-B203-72F51B0A3417}
		{04C83899-0000-0000-0000-000000000000} = {04C83899-0000-0000-0000-000000000000}
		{F42830AA-2EEE-472F-A622-F1AA1391106C} = {F42830AA-2EEE-472F-A622-F1AA1391106C}
		{BD51B3F4-AF58-4113-BD01-1630B80D0A81} = {BD51B3F4-AF58-4113-BD01-1630B80D0A81}
	EndProjectSection
EndProject
Project("{8BC9CEB8-8B4A-11D0-8D11-00A0C91BC942}") = "MenuKit", "Menu\MenuKit.vcxproj", "{60C96FE1-24D3-4CBC-89DB-E7B507A34F64}"
	ProjectSection(ProjectDependencies) = postProject
		{F245741E-0AEC-4E93-BBEE-4980490FAB66} = {F245741E-0AEC-4E93-BBEE-4980490FAB66}
		{74139640-2624-4BBC-AA15-C4C6730E3665} = {74139640-2624-4BBC-AA15-C4C6730E3665}
		{22D59080-83F0-4A1A-B203-72F51B0A3417} = {22D59080-83F0-4A1A-B203-72F51B0A3417}
		{04C83899-0000-0000-0000-000000000000} = {04C83899-0000-0000-0000-000000000000}
		{F42830AA-2EEE-472F-A622-F1AA1391106C} = {F42830AA-2EEE-472F-A622-F1AA1391106C}
		{BD51B3F4-AF58-4113-BD01-1630B80D0A81} = {BD51B3F4-AF58-4113-BD01-1630B80D0A81}
	EndProjectSection
EndProject
Project("{8BC9CEB8-8B4A-11D0-8D11-00A0C91BC942}") = "MMOKit", "MMO\MMOKit.vcxproj", "{83C26252-A772-4E7E-B9CC-FBD9B4EA4EFC}"
	ProjectSection(ProjectDependencies) = postProject
		{F245741E-0AEC-4E93-BBEE-4980490FAB66} = {F245741E-0AEC-4E93-BBEE-4980490FAB66}
		{74139640-2624-4BBC-AA15-C4C6730E3665} = {74139640-2624-4BBC-AA15-C4C6730E3665}
		{22D59080-83F0-4A1A-B203-72F51B0A3417} = {22D59080-83F0-4A1A-B203-72F51B0A3417}
		{04C83899-0000-0000-0000-000000000000} = {04C83899-0000-0000-0000-000000000000}
		{F42830AA-2EEE-472F-A622-F1AA1391106C} = {F42830AA-2EEE-472F-A622-F1AA1391106C}
		{BD51B3F4-AF58-4113-BD01-1630B80D0A81} = {BD51B3F4-AF58-4113-BD01-1630B80D0A81}
	EndProjectSection
EndProject
Project("{8BC9CEB8-8B4A-11D0-8D11-00A0C91BC942}") = "Expat", "..\SDK\Expat\Expat.vcxproj", "{BD51B3F4-AF58-4113-BD01-1630B80D0A81}"
EndProject
Global
	GlobalSection(SolutionConfigurationPlatforms) = preSolution
		D3D10_Debug_Static|Win32 = D3D10_Debug_Static|Win32
		D3D10_Debug_Static|x64 = D3D10_Debug_Static|x64
		D3D10_DebugOpt_Static|Win32 = D3D10_DebugOpt_Static|Win32
		D3D10_DebugOpt_Static|x64 = D3D10_DebugOpt_Static|x64
		D3D10_Release_Static|Win32 = D3D10_Release_Static|Win32
		D3D10_Release_Static|x64 = D3D10_Release_Static|x64
		D3D10_Shipping|Win32 = D3D10_Shipping|Win32
		D3D10_Shipping|x64 = D3D10_Shipping|x64
		D3D11_Debug_Static|Win32 = D3D11_Debug_Static|Win32
		D3D11_Debug_Static|x64 = D3D11_Debug_Static|x64
		D3D11_DebugOpt_Static|Win32 = D3D11_DebugOpt_Static|Win32
		D3D11_DebugOpt_Static|x64 = D3D11_DebugOpt_Static|x64
		D3D11_Release_Static|Win32 = D3D11_Release_Static|Win32
		D3D11_Release_Static|x64 = D3D11_Release_Static|x64
		D3D11_Shipping|Win32 = D3D11_Shipping|Win32
		D3D11_Shipping|x64 = D3D11_Shipping|x64
		D3D9_Debug_Static|Win32 = D3D9_Debug_Static|Win32
		D3D9_Debug_Static|x64 = D3D9_Debug_Static|x64
		D3D9_DebugOpt_Static|Win32 = D3D9_DebugOpt_Static|Win32
		D3D9_DebugOpt_Static|x64 = D3D9_DebugOpt_Static|x64
		D3D9_Release_Static|Win32 = D3D9_Release_Static|Win32
		D3D9_Release_Static|x64 = D3D9_Release_Static|x64
		D3D9_Shipping|Win32 = D3D9_Shipping|Win32
		D3D9_Shipping|x64 = D3D9_Shipping|x64
		GL_Debug_Static|Win32 = GL_Debug_Static|Win32
		GL_Debug_Static|x64 = GL_Debug_Static|x64
		GL_DebugOpt_Static|Win32 = GL_DebugOpt_Static|Win32
		GL_DebugOpt_Static|x64 = GL_DebugOpt_Static|x64
		GL_Release_Static|Win32 = GL_Release_Static|Win32
		GL_Release_Static|x64 = GL_Release_Static|x64
		GL_Shipping|Win32 = GL_Shipping|Win32
		GL_Shipping|x64 = GL_Shipping|x64
	EndGlobalSection
	GlobalSection(ProjectConfigurationPlatforms) = postSolution
		{04C83899-0000-0000-0000-000000000000}.D3D10_Debug_Static|Win32.ActiveCfg = Debug|Win32
		{04C83899-0000-0000-0000-000000000000}.D3D10_Debug_Static|Win32.Build.0 = Debug|Win32
		{04C83899-0000-0000-0000-000000000000}.D3D10_Debug_Static|x64.ActiveCfg = Debug|x64
		{04C83899-0000-0000-0000-000000000000}.D3D10_Debug_Static|x64.Build.0 = Debug|x64
		{04C83899-0000-0000-0000-000000000000}.D3D10_DebugOpt_Static|Win32.ActiveCfg = DebugOpt|Win32
		{04C83899-0000-0000-0000-000000000000}.D3D10_DebugOpt_Static|Win32.Build.0 = DebugOpt|Win32
		{04C83899-0000-0000-0000-000000000000}.D3D10_DebugOpt_Static|x64.ActiveCfg = DebugOpt|x64
		{04C83899-0000-0000-0000-000000000000}.D3D10_DebugOpt_Static|x64.Build.0 = DebugOpt|x64
		{04C83899-0000-0000-0000-000000000000}.D3D10_Release_Static|Win32.ActiveCfg = Release|Win32
		{04C83899-0000-0000-0000-000000000000}.D3D10_Release_Static|Win32.Build.0 = Release|Win32
		{04C83899-0000-0000-0000-000000000000}.D3D10_Release_Static|x64.ActiveCfg = Release|x64
		{04C83899-0000-0000-0000-000000000000}.D3D10_Release_Static|x64.Build.0 = Release|x64
		{04C83899-0000-0000-0000-000000000000}.D3D10_Shipping|Win32.ActiveCfg = Shipping|Win32
		{04C83899-0000-0000-0000-000000000000}.D3D10_Shipping|Win32.Build.0 = Shipping|Win32
		{04C83899-0000-0000-0000-000000000000}.D3D10_Shipping|x64.ActiveCfg = Shipping|x64
		{04C83899-0000-0000-0000-000000000000}.D3D10_Shipping|x64.Build.0 = Shipping|x64
		{04C83899-0000-0000-0000-000000000000}.D3D11_Debug_Static|Win32.ActiveCfg = Debug|Win32
		{04C83899-0000-0000-0000-000000000000}.D3D11_Debug_Static|Win32.Build.0 = Debug|Win32
		{04C83899-0000-0000-0000-000000000000}.D3D11_Debug_Static|x64.ActiveCfg = Debug|x64
		{04C83899-0000-0000-0000-000000000000}.D3D11_Debug_Static|x64.Build.0 = Debug|x64
		{04C83899-0000-0000-0000-000000000000}.D3D11_DebugOpt_Static|Win32.ActiveCfg = DebugOpt|Win32
		{04C83899-0000-0000-0000-000000000000}.D3D11_DebugOpt_Static|Win32.Build.0 = DebugOpt|Win32
		{04C83899-0000-0000-0000-000000000000}.D3D11_DebugOpt_Static|x64.ActiveCfg = DebugOpt|x64
		{04C83899-0000-0000-0000-000000000000}.D3D11_DebugOpt_Static|x64.Build.0 = DebugOpt|x64
		{04C83899-0000-0000-0000-000000000000}.D3D11_Release_Static|Win32.ActiveCfg = Release|Win32
		{04C83899-0000-0000-0000-000000000000}.D3D11_Release_Static|Win32.Build.0 = Release|Win32
		{04C83899-0000-0000-0000-000000000000}.D3D11_Release_Static|x64.ActiveCfg = Release|x64
		{04C83899-0000-0000-0000-000000000000}.D3D11_Release_Static|x64.Build.0 = Release|x64
		{04C83899-0000-0000-0000-000000000000}.D3D11_Shipping|Win32.ActiveCfg = Shipping|Win32
		{04C83899-0000-0000-0000-000000000000}.D3D11_Shipping|Win32.Build.0 = Shipping|Win32
		{04C83899-0000-0000-0000-000000000000}.D3D11_Shipping|x64.ActiveCfg = Shipping|x64
		{04C83899-0000-0000-0000-000000000000}.D3D11_Shipping|x64.Build.0 = Shipping|x64
		{04C83899-0000-0000-0000-000000000000}.D3D9_Debug_Static|Win32.ActiveCfg = Debug|Win32
		{04C83899-0000-0000-0000-000000000000}.D3D9_Debug_Static|Win32.Build.0 = Debug|Win32
		{04C83899-0000-0000-0000-000000000000}.D3D9_Debug_Static|x64.ActiveCfg = Debug|x64
		{04C83899-0000-0000-0000-000000000000}.D3D9_Debug_Static|x64.Build.0 = Debug|x64
		{04C83899-0000-0000-0000-000000000000}.D3D9_DebugOpt_Static|Win32.ActiveCfg = DebugOpt|Win32
		{04C83899-0000-0000-0000-000000000000}.D3D9_DebugOpt_Static|Win32.Build.0 = DebugOpt|Win32
		{04C83899-0000-0000-0000-000000000000}.D3D9_DebugOpt_Static|x64.ActiveCfg = DebugOpt|x64
		{04C83899-0000-0000-0000-000000000000}.D3D9_DebugOpt_Static|x64.Build.0 = DebugOpt|x64
		{04C83899-0000-0000-0000-000000000000}.D3D9_Release_Static|Win32.ActiveCfg = Release|Win32
		{04C83899-0000-0000-0000-000000000000}.D3D9_Release_Static|Win32.Build.0 = Release|Win32
		{04C83899-0000-0000-0000-000000000000}.D3D9_Release_Static|x64.ActiveCfg = Release|x64
		{04C83899-0000-0000-0000-000000000000}.D3D9_Release_Static|x64.Build.0 = Release|x64
		{04C83899-0000-0000-0000-000000000000}.D3D9_Shipping|Win32.ActiveCfg = Shipping|Win32
		{04C83899-0000-0000-0000-000000000000}.D3D9_Shipping|Win32.Build.0 = Shipping|Win32
		{04C83899-0000-0000-0000-000000000000}.D3D9_Shipping|x64.ActiveCfg = Shipping|x64
		{04C83899-0000-0000-0000-000000000000}.D3D9_Shipping|x64.Build.0 = Shipping|x64
		{04C83899-0000-0000-0000-000000000000}.GL_Debug_Static|Win32.ActiveCfg = Debug|Win32
		{04C83899-0000-0000-0000-000000000000}.GL_Debug_Static|Win32.Build.0 = Debug|Win32
		{04C83899-0000-0000-0000-000000000000}.GL_Debug_Static|x64.ActiveCfg = Debug|x64
		{04C83899-0000-0000-0000-000000000000}.GL_Debug_Static|x64.Build.0 = Debug|x64
		{04C83899-0000-0000-0000-000000000000}.GL_DebugOpt_Static|Win32.ActiveCfg = DebugOpt|Win32
		{04C83899-0000-0000-0000-000000000000}.GL_DebugOpt_Static|Win32.Build.0 = DebugOpt|Win32
		{04C83899-0000-0000-0000-000000000000}.GL_DebugOpt_Static|x64.ActiveCfg = DebugOpt|x64
		{04C83899-0000-0000-0000-000000000000}.GL_DebugOpt_Static|x64.Build.0 = DebugOpt|x64
		{04C83899-0000-0000-0000-000000000000}.GL_Release_Static|Win32.ActiveCfg = Release|Win32
		{04C83899-0000-0000-0000-000000000000}.GL_Release_Static|Win32.Build.0 = Release|Win32
		{04C83899-0000-0000-0000-000000000000}.GL_Release_Static|x64.ActiveCfg = Release|x64
		{04C83899-0000-0000-0000-000000000000}.GL_Release_Static|x64.Build.0 = Release|x64
		{04C83899-0000-0000-0000-000000000000}.GL_Shipping|Win32.ActiveCfg = Shipping|Win32
		{04C83899-0000-0000-0000-000000000000}.GL_Shipping|Win32.Build.0 = Shipping|Win32
		{04C83899-0000-0000-0000-000000000000}.GL_Shipping|x64.ActiveCfg = Shipping|x64
		{04C83899-0000-0000-0000-000000000000}.GL_Shipping|x64.Build.0 = Shipping|x64
		{22D59080-83F0-4A1A-B203-72F51B0A3417}.D3D10_Debug_Static|Win32.ActiveCfg = NoLink|Win32
		{22D59080-83F0-4A1A-B203-72F51B0A3417}.D3D10_Debug_Static|x64.ActiveCfg = NoLink|x64
		{22D59080-83F0-4A1A-B203-72F51B0A3417}.D3D10_DebugOpt_Static|Win32.ActiveCfg = NoLink|Win32
		{22D59080-83F0-4A1A-B203-72F51B0A3417}.D3D10_DebugOpt_Static|x64.ActiveCfg = NoLink|x64
		{22D59080-83F0-4A1A-B203-72F51B0A3417}.D3D10_Release_Static|Win32.ActiveCfg = NoLink|Win32
		{22D59080-83F0-4A1A-B203-72F51B0A3417}.D3D10_Release_Static|x64.ActiveCfg = NoLink|x64
		{22D59080-83F0-4A1A-B203-72F51B0A3417}.D3D10_Shipping|Win32.ActiveCfg = NoLink|Win32
		{22D59080-83F0-4A1A-B203-72F51B0A3417}.D3D10_Shipping|x64.ActiveCfg = NoLink|x64
		{22D59080-83F0-4A1A-B203-72F51B0A3417}.D3D11_Debug_Static|Win32.ActiveCfg = NoLink|Win32
		{22D59080-83F0-4A1A-B203-72F51B0A3417}.D3D11_Debug_Static|x64.ActiveCfg = NoLink|x64
		{22D59080-83F0-4A1A-B203-72F51B0A3417}.D3D11_DebugOpt_Static|Win32.ActiveCfg = NoLink|Win32
		{22D59080-83F0-4A1A-B203-72F51B0A3417}.D3D11_DebugOpt_Static|x64.ActiveCfg = NoLink|x64
		{22D59080-83F0-4A1A-B203-72F51B0A3417}.D3D11_Release_Static|Win32.ActiveCfg = NoLink|Win32
		{22D59080-83F0-4A1A-B203-72F51B0A3417}.D3D11_Release_Static|x64.ActiveCfg = NoLink|x64
		{22D59080-83F0-4A1A-B203-72F51B0A3417}.D3D11_Shipping|Win32.ActiveCfg = NoLink|Win32
		{22D59080-83F0-4A1A-B203-72F51B0A3417}.D3D11_Shipping|x64.ActiveCfg = NoLink|x64
		{22D59080-83F0-4A1A-B203-72F51B0A3417}.D3D9_Debug_Static|Win32.ActiveCfg = NoLink|Win32
		{22D59080-83F0-4A1A-B203-72F51B0A3417}.D3D9_Debug_Static|x64.ActiveCfg = NoLink|x64
		{22D59080-83F0-4A1A-B203-72F51B0A3417}.D3D9_DebugOpt_Static|Win32.ActiveCfg = NoLink|Win32
		{22D59080-83F0-4A1A-B203-72F51B0A3417}.D3D9_DebugOpt_Static|x64.ActiveCfg = NoLink|x64
		{22D59080-83F0-4A1A-B203-72F51B0A3417}.D3D9_Release_Static|Win32.ActiveCfg = NoLink|Win32
		{22D59080-83F0-4A1A-B203-72F51B0A3417}.D3D9_Release_Static|x64.ActiveCfg = NoLink|x64
		{22D59080-83F0-4A1A-B203-72F51B0A3417}.D3D9_Shipping|Win32.ActiveCfg = NoLink|Win32
		{22D59080-83F0-4A1A-B203-72F51B0A3417}.D3D9_Shipping|x64.ActiveCfg = NoLink|x64
		{22D59080-83F0-4A1A-B203-72F51B0A3417}.GL_Debug_Static|Win32.ActiveCfg = GL_Debug|Win32
		{22D59080-83F0-4A1A-B203-72F51B0A3417}.GL_Debug_Static|Win32.Build.0 = GL_Debug|Win32
		{22D59080-83F0-4A1A-B203-72F51B0A3417}.GL_Debug_Static|x64.ActiveCfg = GL_Debug|x64
		{22D59080-83F0-4A1A-B203-72F51B0A3417}.GL_Debug_Static|x64.Build.0 = GL_Debug|x64
		{22D59080-83F0-4A1A-B203-72F51B0A3417}.GL_DebugOpt_Static|Win32.ActiveCfg = GL_DebugOpt|Win32
		{22D59080-83F0-4A1A-B203-72F51B0A3417}.GL_DebugOpt_Static|Win32.Build.0 = GL_DebugOpt|Win32
		{22D59080-83F0-4A1A-B203-72F51B0A3417}.GL_DebugOpt_Static|x64.ActiveCfg = GL_DebugOpt|x64
		{22D59080-83F0-4A1A-B203-72F51B0A3417}.GL_DebugOpt_Static|x64.Build.0 = GL_DebugOpt|x64
		{22D59080-83F0-4A1A-B203-72F51B0A3417}.GL_Release_Static|Win32.ActiveCfg = GL_Release|Win32
		{22D59080-83F0-4A1A-B203-72F51B0A3417}.GL_Release_Static|Win32.Build.0 = GL_Release|Win32
		{22D59080-83F0-4A1A-B203-72F51B0A3417}.GL_Release_Static|x64.ActiveCfg = GL_Release|x64
		{22D59080-83F0-4A1A-B203-72F51B0A3417}.GL_Release_Static|x64.Build.0 = GL_Release|x64
		{22D59080-83F0-4A1A-B203-72F51B0A3417}.GL_Shipping|Win32.ActiveCfg = GL_Shipping|Win32
		{22D59080-83F0-4A1A-B203-72F51B0A3417}.GL_Shipping|Win32.Build.0 = GL_Shipping|Win32
		{22D59080-83F0-4A1A-B203-72F51B0A3417}.GL_Shipping|x64.ActiveCfg = GL_Shipping|x64
		{22D59080-83F0-4A1A-B203-72F51B0A3417}.GL_Shipping|x64.Build.0 = GL_Shipping|x64
		{F42830AA-2EEE-472F-A622-F1AA1391106C}.D3D10_Debug_Static|Win32.ActiveCfg = NoLink|Win32
		{F42830AA-2EEE-472F-A622-F1AA1391106C}.D3D10_Debug_Static|x64.ActiveCfg = NoLink|x64
		{F42830AA-2EEE-472F-A622-F1AA1391106C}.D3D10_DebugOpt_Static|Win32.ActiveCfg = NoLink|Win32
		{F42830AA-2EEE-472F-A622-F1AA1391106C}.D3D10_DebugOpt_Static|x64.ActiveCfg = NoLink|x64
		{F42830AA-2EEE-472F-A622-F1AA1391106C}.D3D10_Release_Static|Win32.ActiveCfg = NoLink|Win32
		{F42830AA-2EEE-472F-A622-F1AA1391106C}.D3D10_Release_Static|x64.ActiveCfg = NoLink|x64
		{F42830AA-2EEE-472F-A622-F1AA1391106C}.D3D10_Shipping|Win32.ActiveCfg = NoLink|Win32
		{F42830AA-2EEE-472F-A622-F1AA1391106C}.D3D10_Shipping|x64.ActiveCfg = NoLink|x64
		{F42830AA-2EEE-472F-A622-F1AA1391106C}.D3D11_Debug_Static|Win32.ActiveCfg = NoLink|Win32
		{F42830AA-2EEE-472F-A622-F1AA1391106C}.D3D11_Debug_Static|x64.ActiveCfg = NoLink|x64
		{F42830AA-2EEE-472F-A622-F1AA1391106C}.D3D11_DebugOpt_Static|Win32.ActiveCfg = NoLink|Win32
		{F42830AA-2EEE-472F-A622-F1AA1391106C}.D3D11_DebugOpt_Static|x64.ActiveCfg = NoLink|x64
		{F42830AA-2EEE-472F-A622-F1AA1391106C}.D3D11_Release_Static|Win32.ActiveCfg = NoLink|Win32
		{F42830AA-2EEE-472F-A622-F1AA1391106C}.D3D11_Release_Static|x64.ActiveCfg = NoLink|x64
		{F42830AA-2EEE-472F-A622-F1AA1391106C}.D3D11_Shipping|Win32.ActiveCfg = NoLink|Win32
		{F42830AA-2EEE-472F-A622-F1AA1391106C}.D3D11_Shipping|x64.ActiveCfg = NoLink|x64
		{F42830AA-2EEE-472F-A622-F1AA1391106C}.D3D9_Debug_Static|Win32.ActiveCfg = D3D9_Debug|Win32
		{F42830AA-2EEE-472F-A622-F1AA1391106C}.D3D9_Debug_Static|Win32.Build.0 = D3D9_Debug|Win32
		{F42830AA-2EEE-472F-A622-F1AA1391106C}.D3D9_Debug_Static|x64.ActiveCfg = D3D9_Debug|x64
		{F42830AA-2EEE-472F-A622-F1AA1391106C}.D3D9_Debug_Static|x64.Build.0 = D3D9_Debug|x64
		{F42830AA-2EEE-472F-A622-F1AA1391106C}.D3D9_DebugOpt_Static|Win32.ActiveCfg = D3D9_DebugOpt|Win32
		{F42830AA-2EEE-472F-A622-F1AA1391106C}.D3D9_DebugOpt_Static|Win32.Build.0 = D3D9_DebugOpt|Win32
		{F42830AA-2EEE-472F-A622-F1AA1391106C}.D3D9_DebugOpt_Static|x64.ActiveCfg = D3D9_DebugOpt|x64
		{F42830AA-2EEE-472F-A622-F1AA1391106C}.D3D9_DebugOpt_Static|x64.Build.0 = D3D9_DebugOpt|x64
		{F42830AA-2EEE-472F-A622-F1AA1391106C}.D3D9_Release_Static|Win32.ActiveCfg = D3D9_Release|Win32
		{F42830AA-2EEE-472F-A622-F1AA1391106C}.D3D9_Release_Static|Win32.Build.0 = D3D9_Release|Win32
		{F42830AA-2EEE-472F-A622-F1AA1391106C}.D3D9_Release_Static|x64.ActiveCfg = D3D9_Release|x64
		{F42830AA-2EEE-472F-A622-F1AA1391106C}.D3D9_Release_Static|x64.Build.0 = D3D9_Release|x64
		{F42830AA-2EEE-472F-A622-F1AA1391106C}.D3D9_Shipping|Win32.ActiveCfg = D3D9_Shipping|Win32
		{F42830AA-2EEE-472F-A622-F1AA1391106C}.D3D9_Shipping|Win32.Build.0 = D3D9_Shipping|Win32
		{F42830AA-2EEE-472F-A622-F1AA1391106C}.D3D9_Shipping|x64.ActiveCfg = D3D9_Shipping|x64
		{F42830AA-2EEE-472F-A622-F1AA1391106C}.D3D9_Shipping|x64.Build.0 = D3D9_Shipping|x64
		{F42830AA-2EEE-472F-A622-F1AA1391106C}.GL_Debug_Static|Win32.ActiveCfg = NoLink|Win32
		{F42830AA-2EEE-472F-A622-F1AA1391106C}.GL_Debug_Static|x64.ActiveCfg = NoLink|x64
		{F42830AA-2EEE-472F-A622-F1AA1391106C}.GL_DebugOpt_Static|Win32.ActiveCfg = NoLink|Win32
		{F42830AA-2EEE-472F-A622-F1AA1391106C}.GL_DebugOpt_Static|x64.ActiveCfg = NoLink|x64
		{F42830AA-2EEE-472F-A622-F1AA1391106C}.GL_Release_Static|Win32.ActiveCfg = NoLink|Win32
		{F42830AA-2EEE-472F-A622-F1AA1391106C}.GL_Release_Static|x64.ActiveCfg = NoLink|x64
		{F42830AA-2EEE-472F-A622-F1AA1391106C}.GL_Shipping|Win32.ActiveCfg = NoLink|Win32
		{F42830AA-2EEE-472F-A622-F1AA1391106C}.GL_Shipping|x64.ActiveCfg = NoLink|x64
		{F245741E-0AEC-4E93-BBEE-4980490FAB66}.D3D10_Debug_Static|Win32.ActiveCfg = D3D10_Debug_Static|Win32
		{F245741E-0AEC-4E93-BBEE-4980490FAB66}.D3D10_Debug_Static|Win32.Build.0 = D3D10_Debug_Static|Win32
		{F245741E-0AEC-4E93-BBEE-4980490FAB66}.D3D10_Debug_Static|x64.ActiveCfg = D3D10_Debug_Static|x64
		{F245741E-0AEC-4E93-BBEE-4980490FAB66}.D3D10_Debug_Static|x64.Build.0 = D3D10_Debug_Static|x64
		{F245741E-0AEC-4E93-BBEE-4980490FAB66}.D3D10_DebugOpt_Static|Win32.ActiveCfg = D3D10_DebugOpt_Static|Win32
		{F245741E-0AEC-4E93-BBEE-4980490FAB66}.D3D10_DebugOpt_Static|Win32.Build.0 = D3D10_DebugOpt_Static|Win32
		{F245741E-0AEC-4E93-BBEE-4980490FAB66}.D3D10_DebugOpt_Static|x64.ActiveCfg = D3D10_DebugOpt_Static|x64
		{F245741E-0AEC-4E93-BBEE-4980490FAB66}.D3D10_DebugOpt_Static|x64.Build.0 = D3D10_DebugOpt_Static|x64
		{F245741E-0AEC-4E93-BBEE-4980490FAB66}.D3D10_Release_Static|Win32.ActiveCfg = D3D10_Release_Static|Win32
		{F245741E-0AEC-4E93-BBEE-4980490FAB66}.D3D10_Release_Static|Win32.Build.0 = D3D10_Release_Static|Win32
		{F245741E-0AEC-4E93-BBEE-4980490FAB66}.D3D10_Release_Static|x64.ActiveCfg = D3D10_Release_Static|x64
		{F245741E-0AEC-4E93-BBEE-4980490FAB66}.D3D10_Release_Static|x64.Build.0 = D3D10_Release_Static|x64
		{F245741E-0AEC-4E93-BBEE-4980490FAB66}.D3D10_Shipping|Win32.ActiveCfg = D3D10_Shipping|Win32
		{F245741E-0AEC-4E93-BBEE-4980490FAB66}.D3D10_Shipping|Win32.Build.0 = D3D10_Shipping|Win32
		{F245741E-0AEC-4E93-BBEE-4980490FAB66}.D3D10_Shipping|x64.ActiveCfg = D3D10_Shipping|x64
		{F245741E-0AEC-4E93-BBEE-4980490FAB66}.D3D10_Shipping|x64.Build.0 = D3D10_Shipping|x64
		{F245741E-0AEC-4E93-BBEE-4980490FAB66}.D3D11_Debug_Static|Win32.ActiveCfg = D3D11_Debug_Static|Win32
		{F245741E-0AEC-4E93-BBEE-4980490FAB66}.D3D11_Debug_Static|Win32.Build.0 = D3D11_Debug_Static|Win32
		{F245741E-0AEC-4E93-BBEE-4980490FAB66}.D3D11_Debug_Static|x64.ActiveCfg = D3D11_Debug_Static|x64
		{F245741E-0AEC-4E93-BBEE-4980490FAB66}.D3D11_Debug_Static|x64.Build.0 = D3D11_Debug_Static|x64
		{F245741E-0AEC-4E93-BBEE-4980490FAB66}.D3D11_DebugOpt_Static|Win32.ActiveCfg = D3D11_DebugOpt_Static|Win32
		{F245741E-0AEC-4E93-BBEE-4980490FAB66}.D3D11_DebugOpt_Static|Win32.Build.0 = D3D11_DebugOpt_Static|Win32
		{F245741E-0AEC-4E93-BBEE-4980490FAB66}.D3D11_DebugOpt_Static|x64.ActiveCfg = D3D11_DebugOpt_Static|x64
		{F245741E-0AEC-4E93-BBEE-4980490FAB66}.D3D11_DebugOpt_Static|x64.Build.0 = D3D11_DebugOpt_Static|x64
		{F245741E-0AEC-4E93-BBEE-4980490FAB66}.D3D11_Release_Static|Win32.ActiveCfg = D3D11_Release_Static|Win32
		{F245741E-0AEC-4E93-BBEE-4980490FAB66}.D3D11_Release_Static|Win32.Build.0 = D3D11_Release_Static|Win32
		{F245741E-0AEC-4E93-BBEE-4980490FAB66}.D3D11_Release_Static|x64.ActiveCfg = D3D11_Release_Static|x64
		{F245741E-0AEC-4E93-BBEE-4980490FAB66}.D3D11_Release_Static|x64.Build.0 = D3D11_Release_Static|x64
		{F245741E-0AEC-4E93-BBEE-4980490FAB66}.D3D11_Shipping|Win32.ActiveCfg = D3D11_Shipping|Win32
		{F245741E-0AEC-4E93-BBEE-4980490FAB66}.D3D11_Shipping|Win32.Build.0 = D3D11_Shipping|Win32
		{F245741E-0AEC-4E93-BBEE-4980490FAB66}.D3D11_Shipping|x64.ActiveCfg = D3D11_Shipping|x64
		{F245741E-0AEC-4E93-BBEE-4980490FAB66}.D3D11_Shipping|x64.Build.0 = D3D11_Shipping|x64
		{F245741E-0AEC-4E93-BBEE-4980490FAB66}.D3D9_Debug_Static|Win32.ActiveCfg = D3D9_Debug_Static|Win32
		{F245741E-0AEC-4E93-BBEE-4980490FAB66}.D3D9_Debug_Static|Win32.Build.0 = D3D9_Debug_Static|Win32
		{F245741E-0AEC-4E93-BBEE-4980490FAB66}.D3D9_Debug_Static|x64.ActiveCfg = D3D9_Debug_Static|x64
		{F245741E-0AEC-4E93-BBEE-4980490FAB66}.D3D9_Debug_Static|x64.Build.0 = D3D9_Debug_Static|x64
		{F245741E-0AEC-4E93-BBEE-4980490FAB66}.D3D9_DebugOpt_Static|Win32.ActiveCfg = D3D9_DebugOpt_Static|Win32
		{F245741E-0AEC-4E93-BBEE-4980490FAB66}.D3D9_DebugOpt_Static|Win32.Build.0 = D3D9_DebugOpt_Static|Win32
		{F245741E-0AEC-4E93-BBEE-4980490FAB66}.D3D9_DebugOpt_Static|x64.ActiveCfg = D3D9_DebugOpt_Static|x64
		{F245741E-0AEC-4E93-BBEE-4980490FAB66}.D3D9_DebugOpt_Static|x64.Build.0 = D3D9_DebugOpt_Static|x64
		{F245741E-0AEC-4E93-BBEE-4980490FAB66}.D3D9_Release_Static|Win32.ActiveCfg = D3D9_Release_Static|Win32
		{F245741E-0AEC-4E93-BBEE-4980490FAB66}.D3D9_Release_Static|Win32.Build.0 = D3D9_Release_Static|Win32
		{F245741E-0AEC-4E93-BBEE-4980490FAB66}.D3D9_Release_Static|x64.ActiveCfg = D3D9_Release_Static|x64
		{F245741E-0AEC-4E93-BBEE-4980490FAB66}.D3D9_Release_Static|x64.Build.0 = D3D9_Release_Static|x64
		{F245741E-0AEC-4E93-BBEE-4980490FAB66}.D3D9_Shipping|Win32.ActiveCfg = D3D9_Shipping|Win32
		{F245741E-0AEC-4E93-BBEE-4980490FAB66}.D3D9_Shipping|Win32.Build.0 = D3D9_Shipping|Win32
		{F245741E-0AEC-4E93-BBEE-4980490FAB66}.D3D9_Shipping|x64.ActiveCfg = D3D9_Shipping|x64
		{F245741E-0AEC-4E93-BBEE-4980490FAB66}.D3D9_Shipping|x64.Build.0 = D3D9_Shipping|x64
		{F245741E-0AEC-4E93-BBEE-4980490FAB66}.GL_Debug_Static|Win32.ActiveCfg = GL_Debug_Static|Win32
		{F245741E-0AEC-4E93-BBEE-4980490FAB66}.GL_Debug_Static|Win32.Build.0 = GL_Debug_Static|Win32
		{F245741E-0AEC-4E93-BBEE-4980490FAB66}.GL_Debug_Static|x64.ActiveCfg = GL_Debug_Static|x64
		{F245741E-0AEC-4E93-BBEE-4980490FAB66}.GL_Debug_Static|x64.Build.0 = GL_Debug_Static|x64
		{F245741E-0AEC-4E93-BBEE-4980490FAB66}.GL_DebugOpt_Static|Win32.ActiveCfg = GL_DebugOpt_Static|Win32
		{F245741E-0AEC-4E93-BBEE-4980490FAB66}.GL_DebugOpt_Static|Win32.Build.0 = GL_DebugOpt_Static|Win32
		{F245741E-0AEC-4E93-BBEE-4980490FAB66}.GL_DebugOpt_Static|x64.ActiveCfg = GL_DebugOpt_Static|x64
		{F245741E-0AEC-4E93-BBEE-4980490FAB66}.GL_DebugOpt_Static|x64.Build.0 = GL_DebugOpt_Static|x64
		{F245741E-0AEC-4E93-BBEE-4980490FAB66}.GL_Release_Static|Win32.ActiveCfg = GL_Release_Static|Win32
		{F245741E-0AEC-4E93-BBEE-4980490FAB66}.GL_Release_Static|Win32.Build.0 = GL_Release_Static|Win32
		{F245741E-0AEC-4E93-BBEE-4980490FAB66}.GL_Release_Static|x64.ActiveCfg = GL_Release_Static|x64
		{F245741E-0AEC-4E93-BBEE-4980490FAB66}.GL_Release_Static|x64.Build.0 = GL_Release_Static|x64
		{F245741E-0AEC-4E93-BBEE-4980490FAB66}.GL_Shipping|Win32.ActiveCfg = GL_Shipping|Win32
		{F245741E-0AEC-4E93-BBEE-4980490FAB66}.GL_Shipping|Win32.Build.0 = GL_Shipping|Win32
		{F245741E-0AEC-4E93-BBEE-4980490FAB66}.GL_Shipping|x64.ActiveCfg = GL_Shipping|x64
		{F245741E-0AEC-4E93-BBEE-4980490FAB66}.GL_Shipping|x64.Build.0 = GL_Shipping|x64
		{74139640-2624-4BBC-AA15-C4C6730E3665}.D3D10_Debug_Static|Win32.ActiveCfg = D3D10_Debug|Win32
		{74139640-2624-4BBC-AA15-C4C6730E3665}.D3D10_Debug_Static|Win32.Build.0 = D3D10_Debug|Win32
		{74139640-2624-4BBC-AA15-C4C6730E3665}.D3D10_Debug_Static|x64.ActiveCfg = D3D10_Debug|x64
		{74139640-2624-4BBC-AA15-C4C6730E3665}.D3D10_Debug_Static|x64.Build.0 = D3D10_Debug|x64
		{74139640-2624-4BBC-AA15-C4C6730E3665}.D3D10_DebugOpt_Static|Win32.ActiveCfg = D3D10_DebugOpt|Win32
		{74139640-2624-4BBC-AA15-C4C6730E3665}.D3D10_DebugOpt_Static|Win32.Build.0 = D3D10_DebugOpt|Win32
		{74139640-2624-4BBC-AA15-C4C6730E3665}.D3D10_DebugOpt_Static|x64.ActiveCfg = D3D10_DebugOpt|x64
		{74139640-2624-4BBC-AA15-C4C6730E3665}.D3D10_DebugOpt_Static|x64.Build.0 = D3D10_DebugOpt|x64
		{74139640-2624-4BBC-AA15-C4C6730E3665}.D3D10_Release_Static|Win32.ActiveCfg = D3D10_Release|Win32
		{74139640-2624-4BBC-AA15-C4C6730E3665}.D3D10_Release_Static|Win32.Build.0 = D3D10_Release|Win32
		{74139640-2624-4BBC-AA15-C4C6730E3665}.D3D10_Release_Static|x64.ActiveCfg = D3D10_Release|x64
		{74139640-2624-4BBC-AA15-C4C6730E3665}.D3D10_Release_Static|x64.Build.0 = D3D10_Release|x64
		{74139640-2624-4BBC-AA15-C4C6730E3665}.D3D10_Shipping|Win32.ActiveCfg = D3D10_Shipping|Win32
		{74139640-2624-4BBC-AA15-C4C6730E3665}.D3D10_Shipping|Win32.Build.0 = D3D10_Shipping|Win32
		{74139640-2624-4BBC-AA15-C4C6730E3665}.D3D10_Shipping|x64.ActiveCfg = D3D10_Shipping|x64
		{74139640-2624-4BBC-AA15-C4C6730E3665}.D3D10_Shipping|x64.Build.0 = D3D10_Shipping|x64
		{74139640-2624-4BBC-AA15-C4C6730E3665}.D3D11_Debug_Static|Win32.ActiveCfg = D3D11_Debug|Win32
		{74139640-2624-4BBC-AA15-C4C6730E3665}.D3D11_Debug_Static|Win32.Build.0 = D3D11_Debug|Win32
		{74139640-2624-4BBC-AA15-C4C6730E3665}.D3D11_Debug_Static|x64.ActiveCfg = D3D11_Debug|x64
		{74139640-2624-4BBC-AA15-C4C6730E3665}.D3D11_Debug_Static|x64.Build.0 = D3D11_Debug|x64
		{74139640-2624-4BBC-AA15-C4C6730E3665}.D3D11_DebugOpt_Static|Win32.ActiveCfg = D3D11_DebugOpt|Win32
		{74139640-2624-4BBC-AA15-C4C6730E3665}.D3D11_DebugOpt_Static|Win32.Build.0 = D3D11_DebugOpt|Win32
		{74139640-2624-4BBC-AA15-C4C6730E3665}.D3D11_DebugOpt_Static|x64.ActiveCfg = D3D11_DebugOpt|x64
		{74139640-2624-4BBC-AA15-C4C6730E3665}.D3D11_DebugOpt_Static|x64.Build.0 = D3D11_DebugOpt|x64
		{74139640-2624-4BBC-AA15-C4C6730E3665}.D3D11_Release_Static|Win32.ActiveCfg = D3D11_Release|Win32
		{74139640-2624-4BBC-AA15-C4C6730E3665}.D3D11_Release_Static|Win32.Build.0 = D3D11_Release|Win32
		{74139640-2624-4BBC-AA15-C4C6730E3665}.D3D11_Release_Static|x64.ActiveCfg = D3D11_Release|x64
		{74139640-2624-4BBC-AA15-C4C6730E3665}.D3D11_Release_Static|x64.Build.0 = D3D11_Release|x64
		{74139640-2624-4BBC-AA15-C4C6730E3665}.D3D11_Shipping|Win32.ActiveCfg = D3D11_Shipping|Win32
		{74139640-2624-4BBC-AA15-C4C6730E3665}.D3D11_Shipping|Win32.Build.0 = D3D11_Shipping|Win32
		{74139640-2624-4BBC-AA15-C4C6730E3665}.D3D11_Shipping|x64.ActiveCfg = D3D11_Shipping|x64
		{74139640-2624-4BBC-AA15-C4C6730E3665}.D3D11_Shipping|x64.Build.0 = D3D11_Shipping|x64
		{74139640-2624-4BBC-AA15-C4C6730E3665}.D3D9_Debug_Static|Win32.ActiveCfg = NoLink|Win32
		{74139640-2624-4BBC-AA15-C4C6730E3665}.D3D9_Debug_Static|x64.ActiveCfg = NoLink|x64
		{74139640-2624-4BBC-AA15-C4C6730E3665}.D3D9_DebugOpt_Static|Win32.ActiveCfg = NoLink|Win32
		{74139640-2624-4BBC-AA15-C4C6730E3665}.D3D9_DebugOpt_Static|x64.ActiveCfg = NoLink|x64
		{74139640-2624-4BBC-AA15-C4C6730E3665}.D3D9_Release_Static|Win32.ActiveCfg = NoLink|Win32
		{74139640-2624-4BBC-AA15-C4C6730E3665}.D3D9_Release_Static|x64.ActiveCfg = NoLink|x64
		{74139640-2624-4BBC-AA15-C4C6730E3665}.D3D9_Shipping|Win32.ActiveCfg = NoLink|Win32
		{74139640-2624-4BBC-AA15-C4C6730E3665}.D3D9_Shipping|x64.ActiveCfg = NoLink|x64
		{74139640-2624-4BBC-AA15-C4C6730E3665}.GL_Debug_Static|Win32.ActiveCfg = NoLink|Win32
		{74139640-2624-4BBC-AA15-C4C6730E3665}.GL_Debug_Static|x64.ActiveCfg = NoLink|x64
		{74139640-2624-4BBC-AA15-C4C6730E3665}.GL_DebugOpt_Static|Win32.ActiveCfg = NoLink|Win32
		{74139640-2624-4BBC-AA15-C4C6730E3665}.GL_DebugOpt_Static|x64.ActiveCfg = NoLink|x64
		{74139640-2624-4BBC-AA15-C4C6730E3665}.GL_Release_Static|Win32.ActiveCfg = NoLink|Win32
		{74139640-2624-4BBC-AA15-C4C6730E3665}.GL_Release_Static|x64.ActiveCfg = NoLink|x64
		{74139640-2624-4BBC-AA15-C4C6730E3665}.GL_Shipping|Win32.ActiveCfg = NoLink|Win32
		{74139640-2624-4BBC-AA15-C4C6730E3665}.GL_Shipping|x64.ActiveCfg = NoLink|x64
		{0C9CEB5B-7E6E-4A6F-92C4-649B033B4841}.D3D10_Debug_Static|Win32.ActiveCfg = D3D10_Debug_Static|Win32
		{0C9CEB5B-7E6E-4A6F-92C4-649B033B4841}.D3D10_Debug_Static|Win32.Build.0 = D3D10_Debug_Static|Win32
		{0C9CEB5B-7E6E-4A6F-92C4-649B033B4841}.D3D10_Debug_Static|x64.ActiveCfg = D3D10_Debug_Static|x64
		{0C9CEB5B-7E6E-4A6F-92C4-649B033B4841}.D3D10_Debug_Static|x64.Build.0 = D3D10_Debug_Static|x64
		{0C9CEB5B-7E6E-4A6F-92C4-649B033B4841}.D3D10_DebugOpt_Static|Win32.ActiveCfg = D3D10_DebugOpt_Static|Win32
		{0C9CEB5B-7E6E-4A6F-92C4-649B033B4841}.D3D10_DebugOpt_Static|Win32.Build.0 = D3D10_DebugOpt_Static|Win32
		{0C9CEB5B-7E6E-4A6F-92C4-649B033B4841}.D3D10_DebugOpt_Static|x64.ActiveCfg = D3D10_DebugOpt_Static|x64
		{0C9CEB5B-7E6E-4A6F-92C4-649B033B4841}.D3D10_DebugOpt_Static|x64.Build.0 = D3D10_DebugOpt_Static|x64
		{0C9CEB5B-7E6E-4A6F-92C4-649B033B4841}.D3D10_Release_Static|Win32.ActiveCfg = D3D10_Release_Static|Win32
		{0C9CEB5B-7E6E-4A6F-92C4-649B033B4841}.D3D10_Release_Static|Win32.Build.0 = D3D10_Release_Static|Win32
		{0C9CEB5B-7E6E-4A6F-92C4-649B033B4841}.D3D10_Release_Static|x64.ActiveCfg = D3D10_Release_Static|x64
		{0C9CEB5B-7E6E-4A6F-92C4-649B033B4841}.D3D10_Release_Static|x64.Build.0 = D3D10_Release_Static|x64
		{0C9CEB5B-7E6E-4A6F-92C4-649B033B4841}.D3D10_Shipping|Win32.ActiveCfg = D3D10_Shipping|Win32
		{0C9CEB5B-7E6E-4A6F-92C4-649B033B4841}.D3D10_Shipping|Win32.Build.0 = D3D10_Shipping|Win32
		{0C9CEB5B-7E6E-4A6F-92C4-649B033B4841}.D3D10_Shipping|x64.ActiveCfg = D3D10_Shipping|x64
		{0C9CEB5B-7E6E-4A6F-92C4-649B033B4841}.D3D10_Shipping|x64.Build.0 = D3D10_Shipping|x64
		{0C9CEB5B-7E6E-4A6F-92C4-649B033B4841}.D3D11_Debug_Static|Win32.ActiveCfg = D3D11_Debug_Static|Win32
		{0C9CEB5B-7E6E-4A6F-92C4-649B033B4841}.D3D11_Debug_Static|Win32.Build.0 = D3D11_Debug_Static|Win32
		{0C9CEB5B-7E6E-4A6F-92C4-649B033B4841}.D3D11_Debug_Static|x64.ActiveCfg = D3D11_Debug_Static|x64
		{0C9CEB5B-7E6E-4A6F-92C4-649B033B4841}.D3D11_Debug_Static|x64.Build.0 = D3D11_Debug_Static|x64
		{0C9CEB5B-7E6E-4A6F-92C4-649B033B4841}.D3D11_DebugOpt_Static|Win32.ActiveCfg = D3D11_DebugOpt_Static|Win32
		{0C9CEB5B-7E6E-4A6F-92C4-649B033B4841}.D3D11_DebugOpt_Static|Win32.Build.0 = D3D11_DebugOpt_Static|Win32
		{0C9CEB5B-7E6E-4A6F-92C4-649B033B4841}.D3D11_DebugOpt_Static|x64.ActiveCfg = D3D11_DebugOpt_Static|x64
		{0C9CEB5B-7E6E-4A6F-92C4-649B033B4841}.D3D11_DebugOpt_Static|x64.Build.0 = D3D11_DebugOpt_Static|x64
		{0C9CEB5B-7E6E-4A6F-92C4-649B033B4841}.D3D11_Release_Static|Win32.ActiveCfg = D3D11_Release_Static|Win32
		{0C9CEB5B-7E6E-4A6F-92C4-649B033B4841}.D3D11_Release_Static|Win32.Build.0 = D3D11_Release_Static|Win32
		{0C9CEB5B-7E6E-4A6F-92C4-649B033B4841}.D3D11_Release_Static|x64.ActiveCfg = D3D11_Release_Static|x64
		{0C9CEB5B-7E6E-4A6F-92C4-649B033B4841}.D3D11_Release_Static|x64.Build.0 = D3D11_Release_Static|x64
		{0C9CEB5B-7E6E-4A6F-92C4-649B033B4841}.D3D11_Shipping|Win32.ActiveCfg = D3D11_Shipping|Win32
		{0C9CEB5B-7E6E-4A6F-92C4-649B033B4841}.D3D11_Shipping|Win32.Build.0 = D3D11_Shipping|Win32
		{0C9CEB5B-7E6E-4A6F-92C4-649B033B4841}.D3D11_Shipping|x64.ActiveCfg = D3D11_Shipping|x64
		{0C9CEB5B-7E6E-4A6F-92C4-649B033B4841}.D3D11_Shipping|x64.Build.0 = D3D11_Shipping|x64
		{0C9CEB5B-7E6E-4A6F-92C4-649B033B4841}.D3D9_Debug_Static|Win32.ActiveCfg = D3D9_Debug_Static|Win32
		{0C9CEB5B-7E6E-4A6F-92C4-649B033B4841}.D3D9_Debug_Static|Win32.Build.0 = D3D9_Debug_Static|Win32
		{0C9CEB5B-7E6E-4A6F-92C4-649B033B4841}.D3D9_Debug_Static|x64.ActiveCfg = D3D9_Debug_Static|x64
		{0C9CEB5B-7E6E-4A6F-92C4-649B033B4841}.D3D9_Debug_Static|x64.Build.0 = D3D9_Debug_Static|x64
		{0C9CEB5B-7E6E-4A6F-92C4-649B033B4841}.D3D9_DebugOpt_Static|Win32.ActiveCfg = D3D9_DebugOpt_Static|Win32
		{0C9CEB5B-7E6E-4A6F-92C4-649B033B4841}.D3D9_DebugOpt_Static|Win32.Build.0 = D3D9_DebugOpt_Static|Win32
		{0C9CEB5B-7E6E-4A6F-92C4-649B033B4841}.D3D9_DebugOpt_Static|x64.ActiveCfg = D3D9_DebugOpt_Static|x64
		{0C9CEB5B-7E6E-4A6F-92C4-649B033B4841}.D3D9_DebugOpt_Static|x64.Build.0 = D3D9_DebugOpt_Static|x64
		{0C9CEB5B-7E6E-4A6F-92C4-649B033B4841}.D3D9_Release_Static|Win32.ActiveCfg = D3D9_Release_Static|Win32
		{0C9CEB5B-7E6E-4A6F-92C4-649B033B4841}.D3D9_Release_Static|Win32.Build.0 = D3D9_Release_Static|Win32
		{0C9CEB5B-7E6E-4A6F-92C4-649B033B4841}.D3D9_Release_Static|x64.ActiveCfg = D3D9_Release_Static|x64
		{0C9CEB5B-7E6E-4A6F-92C4-649B033B4841}.D3D9_Release_Static|x64.Build.0 = D3D9_Release_Static|x64
		{0C9CEB5B-7E6E-4A6F-92C4-649B033B4841}.D3D9_Shipping|Win32.ActiveCfg = D3D9_Shipping|Win32
		{0C9CEB5B-7E6E-4A6F-92C4-649B033B4841}.D3D9_Shipping|Win32.Build.0 = D3D9_Shipping|Win32
		{0C9CEB5B-7E6E-4A6F-92C4-649B033B4841}.D3D9_Shipping|x64.ActiveCfg = D3D9_Shipping|x64
		{0C9CEB5B-7E6E-4A6F-92C4-649B033B4841}.D3D9_Shipping|x64.Build.0 = D3D9_Shipping|x64
		{0C9CEB5B-7E6E-4A6F-92C4-649B033B4841}.GL_Debug_Static|Win32.ActiveCfg = GL_Debug_Static|Win32
		{0C9CEB5B-7E6E-4A6F-92C4-649B033B4841}.GL_Debug_Static|Win32.Build.0 = GL_Debug_Static|Win32
		{0C9CEB5B-7E6E-4A6F-92C4-649B033B4841}.GL_Debug_Static|x64.ActiveCfg = GL_Debug_Static|x64
		{0C9CEB5B-7E6E-4A6F-92C4-649B033B4841}.GL_Debug_Static|x64.Build.0 = GL_Debug_Static|x64
		{0C9CEB5B-7E6E-4A6F-92C4-649B033B4841}.GL_DebugOpt_Static|Win32.ActiveCfg = GL_DebugOpt_Static|Win32
		{0C9CEB5B-7E6E-4A6F-92C4-649B033B4841}.GL_DebugOpt_Static|Win32.Build.0 = GL_DebugOpt_Static|Win32
		{0C9CEB5B-7E6E-4A6F-92C4-649B033B4841}.GL_DebugOpt_Static|x64.ActiveCfg = GL_DebugOpt_Static|x64
		{0C9CEB5B-7E6E-4A6F-92C4-649B033B4841}.GL_DebugOpt_Static|x64.Build.0 = GL_DebugOpt_Static|x64
		{0C9CEB5B-7E6E-4A6F-92C4-649B033B4841}.GL_Release_Static|Win32.ActiveCfg = GL_Release_Static|Win32
		{0C9CEB5B-7E6E-4A6F-92C4-649B033B4841}.GL_Release_Static|Win32.Build.0 = GL_Release_Static|Win32
		{0C9CEB5B-7E6E-4A6F-92C4-649B033B4841}.GL_Release_Static|x64.ActiveCfg = GL_Release_Static|x64
		{0C9CEB5B-7E6E-4A6F-92C4-649B033B4841}.GL_Release_Static|x64.Build.0 = GL_Release_Static|x64
		{0C9CEB5B-7E6E-4A6F-92C4-649B033B4841}.GL_Shipping|Win32.ActiveCfg = GL_Shipping|Win32
		{0C9CEB5B-7E6E-4A6F-92C4-649B033B4841}.GL_Shipping|Win32.Build.0 = GL_Shipping|Win32
		{0C9CEB5B-7E6E-4A6F-92C4-649B033B4841}.GL_Shipping|x64.ActiveCfg = GL_Shipping|x64
		{0C9CEB5B-7E6E-4A6F-92C4-649B033B4841}.GL_Shipping|x64.Build.0 = GL_Shipping|x64
		{60C96FE1-24D3-4CBC-89DB-E7B507A34F64}.D3D10_Debug_Static|Win32.ActiveCfg = D3D10_Debug_Static|Win32
		{60C96FE1-24D3-4CBC-89DB-E7B507A34F64}.D3D10_Debug_Static|Win32.Build.0 = D3D10_Debug_Static|Win32
		{60C96FE1-24D3-4CBC-89DB-E7B507A34F64}.D3D10_Debug_Static|x64.ActiveCfg = D3D10_Debug_Static|x64
		{60C96FE1-24D3-4CBC-89DB-E7B507A34F64}.D3D10_Debug_Static|x64.Build.0 = D3D10_Debug_Static|x64
		{60C96FE1-24D3-4CBC-89DB-E7B507A34F64}.D3D10_DebugOpt_Static|Win32.ActiveCfg = D3D10_DebugOpt_Static|Win32
		{60C96FE1-24D3-4CBC-89DB-E7B507A34F64}.D3D10_DebugOpt_Static|Win32.Build.0 = D3D10_DebugOpt_Static|Win32
		{60C96FE1-24D3-4CBC-89DB-E7B507A34F64}.D3D10_DebugOpt_Static|x64.ActiveCfg = D3D10_DebugOpt_Static|x64
		{60C96FE1-24D3-4CBC-89DB-E7B507A34F64}.D3D10_DebugOpt_Static|x64.Build.0 = D3D10_DebugOpt_Static|x64
		{60C96FE1-24D3-4CBC-89DB-E7B507A34F64}.D3D10_Release_Static|Win32.ActiveCfg = D3D10_Release_Static|Win32
		{60C96FE1-24D3-4CBC-89DB-E7B507A34F64}.D3D10_Release_Static|Win32.Build.0 = D3D10_Release_Static|Win32
		{60C96FE1-24D3-4CBC-89DB-E7B507A34F64}.D3D10_Release_Static|x64.ActiveCfg = D3D10_Release_Static|x64
		{60C96FE1-24D3-4CBC-89DB-E7B507A34F64}.D3D10_Release_Static|x64.Build.0 = D3D10_Release_Static|x64
		{60C96FE1-24D3-4CBC-89DB-E7B507A34F64}.D3D10_Shipping|Win32.ActiveCfg = D3D10_Shipping|Win32
		{60C96FE1-24D3-4CBC-89DB-E7B507A34F64}.D3D10_Shipping|Win32.Build.0 = D3D10_Shipping|Win32
		{60C96FE1-24D3-4CBC-89DB-E7B507A34F64}.D3D10_Shipping|x64.ActiveCfg = D3D10_Shipping|x64
		{60C96FE1-24D3-4CBC-89DB-E7B507A34F64}.D3D10_Shipping|x64.Build.0 = D3D10_Shipping|x64
		{60C96FE1-24D3-4CBC-89DB-E7B507A34F64}.D3D11_Debug_Static|Win32.ActiveCfg = D3D11_Debug_Static|Win32
		{60C96FE1-24D3-4CBC-89DB-E7B507A34F64}.D3D11_Debug_Static|Win32.Build.0 = D3D11_Debug_Static|Win32
		{60C96FE1-24D3-4CBC-89DB-E7B507A34F64}.D3D11_Debug_Static|x64.ActiveCfg = D3D11_Debug_Static|x64
		{60C96FE1-24D3-4CBC-89DB-E7B507A34F64}.D3D11_Debug_Static|x64.Build.0 = D3D11_Debug_Static|x64
		{60C96FE1-24D3-4CBC-89DB-E7B507A34F64}.D3D11_DebugOpt_Static|Win32.ActiveCfg = D3D11_DebugOpt_Static|Win32
		{60C96FE1-24D3-4CBC-89DB-E7B507A34F64}.D3D11_DebugOpt_Static|Win32.Build.0 = D3D11_DebugOpt_Static|Win32
		{60C96FE1-24D3-4CBC-89DB-E7B507A34F64}.D3D11_DebugOpt_Static|x64.ActiveCfg = D3D11_DebugOpt_Static|x64
		{60C96FE1-24D3-4CBC-89DB-E7B507A34F64}.D3D11_DebugOpt_Static|x64.Build.0 = D3D11_DebugOpt_Static|x64
		{60C96FE1-24D3-4CBC-89DB-E7B507A34F64}.D3D11_Release_Static|Win32.ActiveCfg = D3D11_Release_Static|Win32
		{60C96FE1-24D3-4CBC-89DB-E7B507A34F64}.D3D11_Release_Static|Win32.Build.0 = D3D11_Release_Static|Win32
		{60C96FE1-24D3-4CBC-89DB-E7B507A34F64}.D3D11_Release_Static|x64.ActiveCfg = D3D11_Release_Static|x64
		{60C96FE1-24D3-4CBC-89DB-E7B507A34F64}.D3D11_Release_Static|x64.Build.0 = D3D11_Release_Static|x64
		{60C96FE1-24D3-4CBC-89DB-E7B507A34F64}.D3D11_Shipping|Win32.ActiveCfg = D3D11_Shipping|Win32
		{60C96FE1-24D3-4CBC-89DB-E7B507A34F64}.D3D11_Shipping|Win32.Build.0 = D3D11_Shipping|Win32
		{60C96FE1-24D3-4CBC-89DB-E7B507A34F64}.D3D11_Shipping|x64.ActiveCfg = D3D11_Shipping|x64
		{60C96FE1-24D3-4CBC-89DB-E7B507A34F64}.D3D11_Shipping|x64.Build.0 = D3D11_Shipping|x64
		{60C96FE1-24D3-4CBC-89DB-E7B507A34F64}.D3D9_Debug_Static|Win32.ActiveCfg = D3D9_Debug_Static|Win32
		{60C96FE1-24D3-4CBC-89DB-E7B507A34F64}.D3D9_Debug_Static|Win32.Build.0 = D3D9_Debug_Static|Win32
		{60C96FE1-24D3-4CBC-89DB-E7B507A34F64}.D3D9_Debug_Static|x64.ActiveCfg = D3D9_Debug_Static|x64
		{60C96FE1-24D3-4CBC-89DB-E7B507A34F64}.D3D9_Debug_Static|x64.Build.0 = D3D9_Debug_Static|x64
		{60C96FE1-24D3-4CBC-89DB-E7B507A34F64}.D3D9_DebugOpt_Static|Win32.ActiveCfg = D3D9_DebugOpt_Static|Win32
		{60C96FE1-24D3-4CBC-89DB-E7B507A34F64}.D3D9_DebugOpt_Static|Win32.Build.0 = D3D9_DebugOpt_Static|Win32
		{60C96FE1-24D3-4CBC-89DB-E7B507A34F64}.D3D9_DebugOpt_Static|x64.ActiveCfg = D3D9_DebugOpt_Static|x64
		{60C96FE1-24D3-4CBC-89DB-E7B507A34F64}.D3D9_DebugOpt_Static|x64.Build.0 = D3D9_DebugOpt_Static|x64
		{60C96FE1-24D3-4CBC-89DB-E7B507A34F64}.D3D9_Release_Static|Win32.ActiveCfg = D3D9_Release_Static|Win32
		{60C96FE1-24D3-4CBC-89DB-E7B507A34F64}.D3D9_Release_Static|Win32.Build.0 = D3D9_Release_Static|Win32
		{60C96FE1-24D3-4CBC-89DB-E7B507A34F64}.D3D9_Release_Static|x64.ActiveCfg = D3D9_Release_Static|x64
		{60C96FE1-24D3-4CBC-89DB-E7B507A34F64}.D3D9_Release_Static|x64.Build.0 = D3D9_Release_Static|x64
		{60C96FE1-24D3-4CBC-89DB-E7B507A34F64}.D3D9_Shipping|Win32.ActiveCfg = D3D9_Shipping|Win32
		{60C96FE1-24D3-4CBC-89DB-E7B507A34F64}.D3D9_Shipping|Win32.Build.0 = D3D9_Shipping|Win32
		{60C96FE1-24D3-4CBC-89DB-E7B507A34F64}.D3D9_Shipping|x64.ActiveCfg = D3D9_Shipping|x64
		{60C96FE1-24D3-4CBC-89DB-E7B507A34F64}.D3D9_Shipping|x64.Build.0 = D3D9_Shipping|x64
		{60C96FE1-24D3-4CBC-89DB-E7B507A34F64}.GL_Debug_Static|Win32.ActiveCfg = GL_Debug_Static|Win32
		{60C96FE1-24D3-4CBC-89DB-E7B507A34F64}.GL_Debug_Static|Win32.Build.0 = GL_Debug_Static|Win32
		{60C96FE1-24D3-4CBC-89DB-E7B507A34F64}.GL_Debug_Static|x64.ActiveCfg = GL_Debug_Static|x64
		{60C96FE1-24D3-4CBC-89DB-E7B507A34F64}.GL_Debug_Static|x64.Build.0 = GL_Debug_Static|x64
		{60C96FE1-24D3-4CBC-89DB-E7B507A34F64}.GL_DebugOpt_Static|Win32.ActiveCfg = GL_DebugOpt_Static|Win32
		{60C96FE1-24D3-4CBC-89DB-E7B507A34F64}.GL_DebugOpt_Static|Win32.Build.0 = GL_DebugOpt_Static|Win32
		{60C96FE1-24D3-4CBC-89DB-E7B507A34F64}.GL_DebugOpt_Static|x64.ActiveCfg = GL_DebugOpt_Static|x64
		{60C96FE1-24D3-4CBC-89DB-E7B507A34F64}.GL_DebugOpt_Static|x64.Build.0 = GL_DebugOpt_Static|x64
		{60C96FE1-24D3-4CBC-89DB-E7B507A34F64}.GL_Release_Static|Win32.ActiveCfg = GL_Release_Static|Win32
		{60C96FE1-24D3-4CBC-89DB-E7B507A34F64}.GL_Release_Static|Win32.Build.0 = GL_Release_Static|Win32
		{60C96FE1-24D3-4CBC-89DB-E7B507A34F64}.GL_Release_Static|x64.ActiveCfg = GL_Release_Static|x64
		{60C96FE1-24D3-4CBC-89DB-E7B507A34F64}.GL_Release_Static|x64.Build.0 = GL_Release_Static|x64
		{60C96FE1-24D3-4CBC-89DB-E7B507A34F64}.GL_Shipping|Win32.ActiveCfg = GL_Shipping|Win32
		{60C96FE1-24D3-4CBC-89DB-E7B507A34F64}.GL_Shipping|Win32.Build.0 = GL_Shipping|Win32
		{60C96FE1-24D3-4CBC-89DB-E7B507A34F64}.GL_Shipping|x64.ActiveCfg = GL_Shipping|x64
		{60C96FE1-24D3-4CBC-89DB-E7B507A34F64}.GL_Shipping|x64.Build.0 = GL_Shipping|x64
		{83C26252-A772-4E7E-B9CC-FBD9B4EA4EFC}.D3D10_Debug_Static|Win32.ActiveCfg = D3D10_Debug_Static|Win32
		{83C26252-A772-4E7E-B9CC-FBD9B4EA4EFC}.D3D10_Debug_Static|Win32.Build.0 = D3D10_Debug_Static|Win32
		{83C26252-A772-4E7E-B9CC-FBD9B4EA4EFC}.D3D10_Debug_Static|x64.ActiveCfg = D3D10_Debug_Static|x64
		{83C26252-A772-4E7E-B9CC-FBD9B4EA4EFC}.D3D10_Debug_Static|x64.Build.0 = D3D10_Debug_Static|x64
		{83C26252-A772-4E7E-B9CC-FBD9B4EA4EFC}.D3D10_DebugOpt_Static|Win32.ActiveCfg = D3D10_DebugOpt_Static|Win32
		{83C26252-A772-4E7E-B9CC-FBD9B4EA4EFC}.D3D10_DebugOpt_Static|Win32.Build.0 = D3D10_DebugOpt_Static|Win32
		{83C26252-A772-4E7E-B9CC-FBD9B4EA4EFC}.D3D10_DebugOpt_Static|x64.ActiveCfg = D3D10_DebugOpt_Static|x64
		{83C26252-A772-4E7E-B9CC-FBD9B4EA4EFC}.D3D10_DebugOpt_Static|x64.Build.0 = D3D10_DebugOpt_Static|x64
		{83C26252-A772-4E7E-B9CC-FBD9B4EA4EFC}.D3D10_Release_Static|Win32.ActiveCfg = D3D10_Release_Static|Win32
		{83C26252-A772-4E7E-B9CC-FBD9B4EA4EFC}.D3D10_Release_Static|Win32.Build.0 = D3D10_Release_Static|Win32
		{83C26252-A772-4E7E-B9CC-FBD9B4EA4EFC}.D3D10_Release_Static|x64.ActiveCfg = D3D10_Release_Static|x64
		{83C26252-A772-4E7E-B9CC-FBD9B4EA4EFC}.D3D10_Release_Static|x64.Build.0 = D3D10_Release_Static|x64
		{83C26252-A772-4E7E-B9CC-FBD9B4EA4EFC}.D3D10_Shipping|Win32.ActiveCfg = D3D10_Shipping|Win32
		{83C26252-A772-4E7E-B9CC-FBD9B4EA4EFC}.D3D10_Shipping|Win32.Build.0 = D3D10_Shipping|Win32
		{83C26252-A772-4E7E-B9CC-FBD9B4EA4EFC}.D3D10_Shipping|x64.ActiveCfg = D3D10_Shipping|x64
		{83C26252-A772-4E7E-B9CC-FBD9B4EA4EFC}.D3D10_Shipping|x64.Build.0 = D3D10_Shipping|x64
		{83C26252-A772-4E7E-B9CC-FBD9B4EA4EFC}.D3D11_Debug_Static|Win32.ActiveCfg = D3D11_Debug_Static|Win32
		{83C26252-A772-4E7E-B9CC-FBD9B4EA4EFC}.D3D11_Debug_Static|Win32.Build.0 = D3D11_Debug_Static|Win32
		{83C26252-A772-4E7E-B9CC-FBD9B4EA4EFC}.D3D11_Debug_Static|x64.ActiveCfg = D3D11_Debug_Static|x64
		{83C26252-A772-4E7E-B9CC-FBD9B4EA4EFC}.D3D11_Debug_Static|x64.Build.0 = D3D11_Debug_Static|x64
		{83C26252-A772-4E7E-B9CC-FBD9B4EA4EFC}.D3D11_DebugOpt_Static|Win32.ActiveCfg = D3D11_DebugOpt_Static|Win32
		{83C26252-A772-4E7E-B9CC-FBD9B4EA4EFC}.D3D11_DebugOpt_Static|Win32.Build.0 = D3D11_DebugOpt_Static|Win32
		{83C26252-A772-4E7E-B9CC-FBD9B4EA4EFC}.D3D11_DebugOpt_Static|x64.ActiveCfg = D3D11_DebugOpt_Static|x64
		{83C26252-A772-4E7E-B9CC-FBD9B4EA4EFC}.D3D11_DebugOpt_Static|x64.Build.0 = D3D11_DebugOpt_Static|x64
		{83C26252-A772-4E7E-B9CC-FBD9B4EA4EFC}.D3D11_Release_Static|Win32.ActiveCfg = D3D11_Release_Static|Win32
		{83C26252-A772-4E7E-B9CC-FBD9B4EA4EFC}.D3D11_Release_Static|Win32.Build.0 = D3D11_Release_Static|Win32
		{83C26252-A772-4E7E-B9CC-FBD9B4EA4EFC}.D3D11_Release_Static|x64.ActiveCfg = D3D11_Release_Static|x64
		{83C26252-A772-4E7E-B9CC-FBD9B4EA4EFC}.D3D11_Release_Static|x64.Build.0 = D3D11_Release_Static|x64
		{83C26252-A772-4E7E-B9CC-FBD9B4EA4EFC}.D3D11_Shipping|Win32.ActiveCfg = D3D11_Shipping|Win32
		{83C26252-A772-4E7E-B9CC-FBD9B4EA4EFC}.D3D11_Shipping|Win32.Build.0 = D3D11_Shipping|Win32
		{83C26252-A772-4E7E-B9CC-FBD9B4EA4EFC}.D3D11_Shipping|x64.ActiveCfg = D3D11_Shipping|x64
		{83C26252-A772-4E7E-B9CC-FBD9B4EA4EFC}.D3D11_Shipping|x64.Build.0 = D3D11_Shipping|x64
		{83C26252-A772-4E7E-B9CC-FBD9B4EA4EFC}.D3D9_Debug_Static|Win32.ActiveCfg = D3D9_Debug_Static|Win32
		{83C26252-A772-4E7E-B9CC-FBD9B4EA4EFC}.D3D9_Debug_Static|Win32.Build.0 = D3D9_Debug_Static|Win32
		{83C26252-A772-4E7E-B9CC-FBD9B4EA4EFC}.D3D9_Debug_Static|x64.ActiveCfg = D3D9_Debug_Static|x64
		{83C26252-A772-4E7E-B9CC-FBD9B4EA4EFC}.D3D9_Debug_Static|x64.Build.0 = D3D9_Debug_Static|x64
		{83C26252-A772-4E7E-B9CC-FBD9B4EA4EFC}.D3D9_DebugOpt_Static|Win32.ActiveCfg = D3D9_DebugOpt_Static|Win32
		{83C26252-A772-4E7E-B9CC-FBD9B4EA4EFC}.D3D9_DebugOpt_Static|Win32.Build.0 = D3D9_DebugOpt_Static|Win32
		{83C26252-A772-4E7E-B9CC-FBD9B4EA4EFC}.D3D9_DebugOpt_Static|x64.ActiveCfg = D3D9_DebugOpt_Static|x64
		{83C26252-A772-4E7E-B9CC-FBD9B4EA4EFC}.D3D9_DebugOpt_Static|x64.Build.0 = D3D9_DebugOpt_Static|x64
		{83C26252-A772-4E7E-B9CC-FBD9B4EA4EFC}.D3D9_Release_Static|Win32.ActiveCfg = D3D9_Release_Static|Win32
		{83C26252-A772-4E7E-B9CC-FBD9B4EA4EFC}.D3D9_Release_Static|Win32.Build.0 = D3D9_Release_Static|Win32
		{83C26252-A772-4E7E-B9CC-FBD9B4EA4EFC}.D3D9_Release_Static|x64.ActiveCfg = D3D9_Release_Static|x64
		{83C26252-A772-4E7E-B9CC-FBD9B4EA4EFC}.D3D9_Release_Static|x64.Build.0 = D3D9_Release_Static|x64
		{83C26252-A772-4E7E-B9CC-FBD9B4EA4EFC}.D3D9_Shipping|Win32.ActiveCfg = D3D9_Shipping|Win32
		{83C26252-A772-4E7E-B9CC-FBD9B4EA4EFC}.D3D9_Shipping|Win32.Build.0 = D3D9_Shipping|Win32
		{83C26252-A772-4E7E-B9CC-FBD9B4EA4EFC}.D3D9_Shipping|x64.ActiveCfg = D3D9_Shipping|x64
		{83C26252-A772-4E7E-B9CC-FBD9B4EA4EFC}.D3D9_Shipping|x64.Build.0 = D3D9_Shipping|x64
		{83C26252-A772-4E7E-B9CC-FBD9B4EA4EFC}.GL_Debug_Static|Win32.ActiveCfg = GL_Debug_Static|Win32
		{83C26252-A772-4E7E-B9CC-FBD9B4EA4EFC}.GL_Debug_Static|Win32.Build.0 = GL_Debug_Static|Win32
		{83C26252-A772-4E7E-B9CC-FBD9B4EA4EFC}.GL_Debug_Static|x64.ActiveCfg = GL_Debug_Static|x64
		{83C26252-A772-4E7E-B9CC-FBD9B4EA4EFC}.GL_Debug_Static|x64.Build.0 = GL_Debug_Static|x64
		{83C26252-A772-4E7E-B9CC-FBD9B4EA4EFC}.GL_DebugOpt_Static|Win32.ActiveCfg = GL_DebugOpt_Static|Win32
		{83C26252-A772-4E7E-B9CC-FBD9B4EA4EFC}.GL_DebugOpt_Static|Win32.Build.0 = GL_DebugOpt_Static|Win32
		{83C26252-A772-4E7E-B9CC-FBD9B4EA4EFC}.GL_DebugOpt_Static|x64.ActiveCfg = GL_DebugOpt_Static|x64
		{83C26252-A772-4E7E-B9CC-FBD9B4EA4EFC}.GL_DebugOpt_Static|x64.Build.0 = GL_DebugOpt_Static|x64
		{83C26252-A772-4E7E-B9CC-FBD9B4EA4EFC}.GL_Release_Static|Win32.ActiveCfg = GL_Release_Static|Win32
		{83C26252-A772-4E7E-B9CC-FBD9B4EA4EFC}.GL_Release_Static|Win32.Build.0 = GL_Release_Static|Win32
		{83C26252-A772-4E7E-B9CC-FBD9B4EA4EFC}.GL_Release_Static|x64.ActiveCfg = GL_Release_Static|x64
		{83C26252-A772-4E7E-B9CC-FBD9B4EA4EFC}.GL_Release_Static|x64.Build.0 = GL_Release_Static|x64
		{83C26252-A772-4E7E-B9CC-FBD9B4EA4EFC}.GL_Shipping|Win32.ActiveCfg = GL_Shipping|Win32
		{83C26252-A772-4E7E-B9CC-FBD9B4EA4EFC}.GL_Shipping|Win32.Build.0 = GL_Shipping|Win32
		{83C26252-A772-4E7E-B9CC-FBD9B4EA4EFC}.GL_Shipping|x64.ActiveCfg = GL_Shipping|x64
		{83C26252-A772-4E7E-B9CC-FBD9B4EA4EFC}.GL_Shipping|x64.Build.0 = GL_Shipping|x64
		{BD51B3F4-AF58-4113-BD01-1630B80D0A81}.D3D10_Debug_Static|Win32.ActiveCfg = Debug|Win32
		{BD51B3F4-AF58-4113-BD01-1630B80D0A81}.D3D10_Debug_Static|Win32.Build.0 = Debug|Win32
		{BD51B3F4-AF58-4113-BD01-1630B80D0A81}.D3D10_Debug_Static|x64.ActiveCfg = Debug|x64
		{BD51B3F4-AF58-4113-BD01-1630B80D0A81}.D3D10_Debug_Static|x64.Build.0 = Debug|x64
		{BD51B3F4-AF58-4113-BD01-1630B80D0A81}.D3D10_DebugOpt_Static|Win32.ActiveCfg = DebugOpt|Win32
		{BD51B3F4-AF58-4113-BD01-1630B80D0A81}.D3D10_DebugOpt_Static|Win32.Build.0 = DebugOpt|Win32
		{BD51B3F4-AF58-4113-BD01-1630B80D0A81}.D3D10_DebugOpt_Static|x64.ActiveCfg = DebugOpt|x64
		{BD51B3F4-AF58-4113-BD01-1630B80D0A81}.D3D10_DebugOpt_Static|x64.Build.0 = DebugOpt|x64
		{BD51B3F4-AF58-4113-BD01-1630B80D0A81}.D3D10_Release_Static|Win32.ActiveCfg = Release|Win32
		{BD51B3F4-AF58-4113-BD01-1630B80D0A81}.D3D10_Release_Static|Win32.Build.0 = Release|Win32
		{BD51B3F4-AF58-4113-BD01-1630B80D0A81}.D3D10_Release_Static|x64.ActiveCfg = Release|x64
		{BD51B3F4-AF58-4113-BD01-1630B80D0A81}.D3D10_Release_Static|x64.Build.0 = Release|x64
		{BD51B3F4-AF58-4113-BD01-1630B80D0A81}.D3D10_Shipping|Win32.ActiveCfg = Shipping|Win32
		{BD51B3F4-AF58-4113-BD01-1630B80D0A81}.D3D10_Shipping|Win32.Build.0 = Shipping|Win32
		{BD51B3F4-AF58-4113-BD01-1630B80D0A81}.D3D10_Shipping|x64.ActiveCfg = Shipping|x64
		{BD51B3F4-AF58-4113-BD01-1630B80D0A81}.D3D10_Shipping|x64.Build.0 = Shipping|x64
		{BD51B3F4-AF58-4113-BD01-1630B80D0A81}.D3D11_Debug_Static|Win32.ActiveCfg = Debug|Win32
		{BD51B3F4-AF58-4113-BD01-1630B80D0A81}.D3D11_Debug_Static|Win32.Build.0 = Debug|Win32
		{BD51B3F4-AF58-4113-BD01-1630B80D0A81}.D3D11_Debug_Static|x64.ActiveCfg = Debug|x64
		{BD51B3F4-AF58-4113-BD01-1630B80D0A81}.D3D11_Debug_Static|x64.Build.0 = Debug|x64
		{BD51B3F4-AF58-4113-BD01-1630B80D0A81}.D3D11_DebugOpt_Static|Win32.ActiveCfg = DebugOpt|Win32
		{BD51B3F4-AF58-4113-BD01-1630B80D0A81}.D3D11_DebugOpt_Static|Win32.Build.0 = DebugOpt|Win32
		{BD51B3F4-AF58-4113-BD01-1630B80D0A81}.D3D11_DebugOpt_Static|x64.ActiveCfg = DebugOpt|x64
		{BD51B3F4-AF58-4113-BD01-1630B80D0A81}.D3D11_DebugOpt_Static|x64.Build.0 = DebugOpt|x64
		{BD51B3F4-AF58-4113-BD01-1630B80D0A81}.D3D11_Release_Static|Win32.ActiveCfg = Release|Win32
		{BD51B3F4-AF58-4113-BD01-1630B80D0A81}.D3D11_Release_Static|Win32.Build.0 = Release|Win32
		{BD51B3F4-AF58-4113-BD01-1630B80D0A81}.D3D11_Release_Static|x64.ActiveCfg = Release|x64
		{BD51B3F4-AF58-4113-BD01-1630B80D0A81}.D3D11_Release_Static|x64.Build.0 = Release|x64
		{BD51B3F4-AF58-4113-BD01-1630B80D0A81}.D3D11_Shipping|Win32.ActiveCfg = Shipping|Win32
		{BD51B3F4-AF58-4113-BD01-1630B80D0A81}.D3D11_Shipping|Win32.Build.0 = Shipping|Win32
		{BD51B3F4-AF58-4113-BD01-1630B80D0A81}.D3D11_Shipping|x64.ActiveCfg = Shipping|x64
		{BD51B3F4-AF58-4113-BD01-1630B80D0A81}.D3D11_Shipping|x64.Build.0 = Shipping|x64
		{BD51B3F4-AF58-4113-BD01-1630B80D0A81}.D3D9_Debug_Static|Win32.ActiveCfg = Debug|Win32
		{BD51B3F4-AF58-4113-BD01-1630B80D0A81}.D3D9_Debug_Static|Win32.Build.0 = Debug|Win32
		{BD51B3F4-AF58-4113-BD01-1630B80D0A81}.D3D9_Debug_Static|x64.ActiveCfg = Debug|x64
		{BD51B3F4-AF58-4113-BD01-1630B80D0A81}.D3D9_Debug_Static|x64.Build.0 = Debug|x64
		{BD51B3F4-AF58-4113-BD01-1630B80D0A81}.D3D9_DebugOpt_Static|Win32.ActiveCfg = DebugOpt|Win32
		{BD51B3F4-AF58-4113-BD01-1630B80D0A81}.D3D9_DebugOpt_Static|Win32.Build.0 = DebugOpt|Win32
		{BD51B3F4-AF58-4113-BD01-1630B80D0A81}.D3D9_DebugOpt_Static|x64.ActiveCfg = DebugOpt|x64
		{BD51B3F4-AF58-4113-BD01-1630B80D0A81}.D3D9_DebugOpt_Static|x64.Build.0 = DebugOpt|x64
		{BD51B3F4-AF58-4113-BD01-1630B80D0A81}.D3D9_Release_Static|Win32.ActiveCfg = Release|Win32
		{BD51B3F4-AF58-4113-BD01-1630B80D0A81}.D3D9_Release_Static|Win32.Build.0 = Release|Win32
		{BD51B3F4-AF58-4113-BD01-1630B80D0A81}.D3D9_Release_Static|x64.ActiveCfg = Release|x64
		{BD51B3F4-AF58-4113-BD01-1630B80D0A81}.D3D9_Release_Static|x64.Build.0 = Release|x64
		{BD51B3F4-AF58-4113-BD01-1630B80D0A81}.D3D9_Shipping|Win32.ActiveCfg = Shipping|Win32
		{BD51B3F4-AF58-4113-BD01-1630B80D0A81}.D3D9_Shipping|Win32.Build.0 = Shipping|Win32
		{BD51B3F4-AF58-4113-BD01-1630B80D0A81}.D3D9_Shipping|x64.ActiveCfg = Shipping|x64
		{BD51B3F4-AF58-4113-BD01-1630B80D0A81}.D3D9_Shipping|x64.Build.0 = Shipping|x64
		{BD51B3F4-AF58-4113-BD01-1630B80D0A81}.GL_Debug_Static|Win32.ActiveCfg = Debug|Win32
		{BD51B3F4-AF58-4113-BD01-1630B80D0A81}.GL_Debug_Static|Win32.Build.0 = Debug|Win32
		{BD51B3F4-AF58-4113-BD01-1630B80D0A81}.GL_Debug_Static|x64.ActiveCfg = Debug|x64
		{BD51B3F4-AF58-4113-BD01-1630B80D0A81}.GL_Debug_Static|x64.Build.0 = Debug|x64
		{BD51B3F4-AF58-4113-BD01-1630B80D0A81}.GL_DebugOpt_Static|Win32.ActiveCfg = DebugOpt|Win32
		{BD51B3F4-AF58-4113-BD01-1630B80D0A81}.GL_DebugOpt_Static|Win32.Build.0 = DebugOpt|Win32
		{BD51B3F4-AF58-4113-BD01-1630B80D0A81}.GL_DebugOpt_Static|x64.ActiveCfg = DebugOpt|x64
		{BD51B3F4-AF58-4113-BD01-1630B80D0A81}.GL_DebugOpt_Static|x64.Build.0 = DebugOpt|x64
		{BD51B3F4-AF58-4113-BD01-1630B80D0A81}.GL_Release_Static|Win32.ActiveCfg = Release|Win32
		{BD51B3F4-AF58-4113-BD01-1630B80D0A81}.GL_Release_Static|Win32.Build.0 = Release|Win32
		{BD51B3F4-AF58-4113-BD01-1630B80D0A81}.GL_Release_Static|x64.ActiveCfg = Release|x64
		{BD51B3F4-AF58-4113-BD01-1630B80D0A81}.GL_Release_Static|x64.Build.0 = Release|x64
		{BD51B3F4-AF58-4113-BD01-1630B80D0A81}.GL_Shipping|Win32.ActiveCfg = Shipping|Win32
		{BD51B3F4-AF58-4113-BD01-1630B80D0A81}.GL_Shipping|Win32.Build.0 = Shipping|Win32
		{BD51B3F4-AF58-4113-BD01-1630B80D0A81}.GL_Shipping|x64.ActiveCfg = Shipping|x64
		{BD51B3F4-AF58-4113-BD01-1630B80D0A81}.GL_Shipping|x64.Build.0 = Shipping|x64
	EndGlobalSection
	GlobalSection(SolutionProperties) = preSolution
		HideSolutionNode = FALSE
	EndGlobalSection
	GlobalSection(NestedProjects) = preSolution
		{0C9CEB5B-7E6E-4A6F-92C4-649B033B4841} = {0F7050A8-9A86-4408-B733-64583BC496DB}
		{60C96FE1-24D3-4CBC-89DB-E7B507A34F64} = {0F7050A8-9A86-4408-B733-64583BC496DB}
		{83C26252-A772-4E7E-B9CC-FBD9B4EA4EFC} = {0F7050A8-9A86-4408-B733-64583BC496DB}
	EndGlobalSection
EndGlobal
