Microsoft Visual Studio Solution File, Format Version 11.00
# Visual Studio 2010
Project("{2150E333-8FDC-42A3-9474-1A3956D46DE8}") = "Apps", "Apps", "{F4A1FBB0-D323-41FA-9A00-3F54EFBF61C0}"
EndProject
Project("{8BC9CEB8-8B4A-11D0-8D11-00A0C91BC942}") = "Sound", "..\SDK\Sound\Sound.vcxproj", "{4922CF8D-1F5B-4909-9675-7DE76D58172F}"
EndProject
Project("{8BC9CEB8-8B4A-11D0-8D11-00A0C91BC942}") = "Render_PS3", "..\SDK\Render\Render_PS3.vcxproj", "{44730174-53A4-4C68-9514-2C4CFA40AAD7}"
EndProject
Project("{8BC9CEB8-8B4A-11D0-8D11-00A0C91BC942}") = "Platform", "..\SDK\Platform\Platform.vcxproj", "{B7D89DB1-F564-4043-B0C6-D1EF9FECFA7A}"
EndProject
Project("{8BC9CEB8-8B4A-11D0-8D11-00A0C91BC942}") = "HUDKit", "HUD\HUDKit.vcxproj", "{21269B54-B4D8-43C1-8D8E-2CD7D9EB0032}"
EndProject
Project("{8BC9CEB8-8B4A-11D0-8D11-00A0C91BC942}") = "MenuKit", "Menu\MenuKit.vcxproj", "{A0EDC65F-E692-40D1-9C1A-8639A323A4C0}"
EndProject
Project("{8BC9CEB8-8B4A-11D0-8D11-00A0C91BC942}") = "Expat", "..\SDK\Expat\Expat.vcxproj", "{C7AED435-02FD-41C0-B5B6-0A67C3025E7D}"
EndProject
Global
	GlobalSection(SolutionConfigurationPlatforms) = preSolution
		Debug_NoRTTI|PS3 = Debug_NoRTTI|PS3
		Release_NoRTTI|PS3 = Release_NoRTTI|PS3
		Shipping_NoRTTI|PS3 = Shipping_NoRTTI|PS3
	EndGlobalSection
	GlobalSection(ProjectConfigurationPlatforms) = postSolution
		{4922CF8D-1F5B-4909-9675-7DE76D58172F}.Debug_NoRTTI|PS3.ActiveCfg = Debug_NoRTTI|PS3
		{4922CF8D-1F5B-4909-9675-7DE76D58172F}.Debug_NoRTTI|PS3.Build.0 = Debug_NoRTTI|PS3
		{4922CF8D-1F5B-4909-9675-7DE76D58172F}.Release_NoRTTI|PS3.ActiveCfg = Release_NoRTTI|PS3
		{4922CF8D-1F5B-4909-9675-7DE76D58172F}.Release_NoRTTI|PS3.Build.0 = Release_NoRTTI|PS3
		{4922CF8D-1F5B-4909-9675-7DE76D58172F}.Shipping_NoRTTI|PS3.ActiveCfg = Shipping_NoRTTI|PS3
		{4922CF8D-1F5B-4909-9675-7DE76D58172F}.Shipping_NoRTTI|PS3.Build.0 = Shipping_NoRTTI|PS3
		{44730174-53A4-4C68-9514-2C4CFA40AAD7}.Debug_NoRTTI|PS3.ActiveCfg = Debug_NoRTTI|PS3
		{44730174-53A4-4C68-9514-2C4CFA40AAD7}.Debug_NoRTTI|PS3.Build.0 = Debug_NoRTTI|PS3
		{44730174-53A4-4C68-9514-2C4CFA40AAD7}.Release_NoRTTI|PS3.ActiveCfg = Release_NoRTTI|PS3
		{44730174-53A4-4C68-9514-2C4CFA40AAD7}.Release_NoRTTI|PS3.Build.0 = Release_NoRTTI|PS3
		{44730174-53A4-4C68-9514-2C4CFA40AAD7}.Shipping_NoRTTI|PS3.ActiveCfg = Shipping_NoRTTI|PS3
		{44730174-53A4-4C68-9514-2C4CFA40AAD7}.Shipping_NoRTTI|PS3.Build.0 = Shipping_NoRTTI|PS3
		{B7D89DB1-F564-4043-B0C6-D1EF9FECFA7A}.Debug_NoRTTI|PS3.ActiveCfg = Debug_NoRTTI|PS3
		{B7D89DB1-F564-4043-B0C6-D1EF9FECFA7A}.Debug_NoRTTI|PS3.Build.0 = Debug_NoRTTI|PS3
		{B7D89DB1-F564-4043-B0C6-D1EF9FECFA7A}.Release_NoRTTI|PS3.ActiveCfg = Release_NoRTTI|PS3
		{B7D89DB1-F564-4043-B0C6-D1EF9FECFA7A}.Release_NoRTTI|PS3.Build.0 = Release_NoRTTI|PS3
		{B7D89DB1-F564-4043-B0C6-D1EF9FECFA7A}.Shipping_NoRTTI|PS3.ActiveCfg = Shipping_NoRTTI|PS3
		{B7D89DB1-F564-4043-B0C6-D1EF9FECFA7A}.Shipping_NoRTTI|PS3.Build.0 = Shipping_NoRTTI|PS3
		{21269B54-B4D8-43C1-8D8E-2CD7D9EB0032}.Debug_NoRTTI|PS3.ActiveCfg = Debug_NoRTTI|PS3
		{21269B54-B4D8-43C1-8D8E-2CD7D9EB0032}.Debug_NoRTTI|PS3.Build.0 = Debug_NoRTTI|PS3
		{21269B54-B4D8-43C1-8D8E-2CD7D9EB0032}.Release_NoRTTI|PS3.ActiveCfg = Release_NoRTTI|PS3
		{21269B54-B4D8-43C1-8D8E-2CD7D9EB0032}.Release_NoRTTI|PS3.Build.0 = Release_NoRTTI|PS3
		{21269B54-B4D8-43C1-8D8E-2CD7D9EB0032}.Shipping_NoRTTI|PS3.ActiveCfg = Shipping_NoRTTI|PS3
		{21269B54-B4D8-43C1-8D8E-2CD7D9EB0032}.Shipping_NoRTTI|PS3.Build.0 = Shipping_NoRTTI|PS3
		{A0EDC65F-E692-40D1-9C1A-8639A323A4C0}.Debug_NoRTTI|PS3.ActiveCfg = Debug_NoRTTI|PS3
		{A0EDC65F-E692-40D1-9C1A-8639A323A4C0}.Debug_NoRTTI|PS3.Build.0 = Debug_NoRTTI|PS3
		{A0EDC65F-E692-40D1-9C1A-8639A323A4C0}.Release_NoRTTI|PS3.ActiveCfg = Release_NoRTTI|PS3
		{A0EDC65F-E692-40D1-9C1A-8639A323A4C0}.Release_NoRTTI|PS3.Build.0 = Release_NoRTTI|PS3
		{A0EDC65F-E692-40D1-9C1A-8639A323A4C0}.Shipping_NoRTTI|PS3.ActiveCfg = Shipping_NoRTTI|PS3
		{A0EDC65F-E692-40D1-9C1A-8639A323A4C0}.Shipping_NoRTTI|PS3.Build.0 = Shipping_NoRTTI|PS3
		{C7AED435-02FD-41C0-B5B6-0A67C3025E7D}.Debug_NoRTTI|PS3.ActiveCfg = Debug_NoRTTI|PS3
		{C7AED435-02FD-41C0-B5B6-0A67C3025E7D}.Debug_NoRTTI|PS3.Build.0 = Debug_NoRTTI|PS3
		{C7AED435-02FD-41C0-B5B6-0A67C3025E7D}.Release_NoRTTI|PS3.ActiveCfg = Release_NoRTTI|PS3
		{C7AED435-02FD-41C0-B5B6-0A67C3025E7D}.Release_NoRTTI|PS3.Build.0 = Release_NoRTTI|PS3
		{C7AED435-02FD-41C0-B5B6-0A67C3025E7D}.Shipping_NoRTTI|PS3.ActiveCfg = Shipping_NoRTTI|PS3
		{C7AED435-02FD-41C0-B5B6-0A67C3025E7D}.Shipping_NoRTTI|PS3.Build.0 = Shipping_NoRTTI|PS3
	EndGlobalSection
	GlobalSection(SolutionProperties) = preSolution
		HideSolutionNode = FALSE
	EndGlobalSection
	GlobalSection(NestedProjects) = preSolution
		{21269B54-B4D8-43C1-8D8E-2CD7D9EB0032} = {F4A1FBB0-D323-41FA-9A00-3F54EFBF61C0}
		{A0EDC65F-E692-40D1-9C1A-8639A323A4C0} = {F4A1FBB0-D323-41FA-9A00-3F54EFBF61C0}
	EndGlobalSection
EndGlobal
