<?xml version="1.0" encoding="utf-8"?>
<Project ToolsVersion="4.0" xmlns="http://schemas.microsoft.com/developer/msbuild/2003">
  <ItemGroup>
    <Filter Include="GFx">
      <UniqueIdentifier>{3f628322-b009-4f6f-a080-5c907eead8a8}</UniqueIdentifier>
    </Filter>
    <Filter Include="GFx\AS3">
      <UniqueIdentifier>{df3f5520-32a3-4142-9d84-42233c75c170}</UniqueIdentifier>
    </Filter>
    <Filter Include="GFx\AS3\Obj">
      <UniqueIdentifier>{df069852-2dff-422a-9e6c-154b53426330}</UniqueIdentifier>
    </Filter>
    <Filter Include="GFx\AS3\Obj\Desktop">
      <UniqueIdentifier>{b2e8212c-978a-4cd6-a701-c3ea93c15c01}</UniqueIdentifier>
    </Filter>
    <Filter Include="GFx\AS3\Obj\Display">
      <UniqueIdentifier>{6c87156b-4ca8-4c48-b84a-9cc6bd151b52}</UniqueIdentifier>
    </Filter>
    <Filter Include="GFx\AS3\Obj\Events">
      <UniqueIdentifier>{21fac108-c95a-4ef8-9c03-b800be93f2d7}</UniqueIdentifier>
    </Filter>
    <Filter Include="GFx\AS3\Obj\Filesystem">
      <UniqueIdentifier>{458fdd59-8898-43b9-895f-74b28e14e6e0}</UniqueIdentifier>
    </Filter>
    <Filter Include="GFx\AS3\Obj\Html">
      <UniqueIdentifier>{86275e87-45fd-44e8-b1fe-b40f08dd6889}</UniqueIdentifier>
    </Filter>
    <Filter Include="GFx\AS3\Obj\Net">
      <UniqueIdentifier>{5b5f5071-1905-4262-a23f-0a76f3ea2617}</UniqueIdentifier>
    </Filter>
    <Filter Include="GFx\AS3\Obj\Printing">
      <UniqueIdentifier>{d6a0dd85-bb33-4fb7-83bc-c5327a57f8da}</UniqueIdentifier>
    </Filter>
    <Filter Include="GFx\AS3\Obj\Sampler">
      <UniqueIdentifier>{fdf12828-5f9e-4745-88df-1bb4dff0e599}</UniqueIdentifier>
    </Filter>
    <Filter Include="GFx\AS3\Obj\Security">
      <UniqueIdentifier>{07db266f-b01b-4f16-85ee-9410d52aee01}</UniqueIdentifier>
    </Filter>
    <Filter Include="GFx\AS3\Obj\Utils">
      <UniqueIdentifier>{de9e4570-a98b-418a-bd7e-45d0f4a054aa}</UniqueIdentifier>
    </Filter>
  </ItemGroup>
  <ItemGroup>
	<ClCompile Include="..\..\..\..\..\Src\GFx\AS3\Obj\Desktop\AS3_Obj_Desktop_Clipboard.cpp">
		<Filter>GFx\AS3\Obj\Desktop</Filter>
	</ClCompile>
	<ClCompile Include="..\..\..\..\..\Src\GFx\AS3\Obj\Desktop\AS3_Obj_Desktop_ClipboardFormats.cpp">
		<Filter>GFx\AS3\Obj\Desktop</Filter>
	</ClCompile>
	<ClCompile Include="..\..\..\..\..\Src\GFx\AS3\Obj\Desktop\AS3_Obj_Desktop_ClipboardTransferMode.cpp">
		<Filter>GFx\AS3\Obj\Desktop</Filter>
	</ClCompile>
	<ClCompile Include="..\..\..\..\..\Src\GFx\AS3\Obj\Desktop\AS3_Obj_Desktop_Icon.cpp">
		<Filter>GFx\AS3\Obj\Desktop</Filter>
	</ClCompile>
	<ClCompile Include="..\..\..\..\..\Src\GFx\AS3\Obj\Desktop\AS3_Obj_Desktop_InteractiveIcon.cpp">
		<Filter>GFx\AS3\Obj\Desktop</Filter>
	</ClCompile>
	<ClCompile Include="..\..\..\..\..\Src\GFx\AS3\Obj\Desktop\AS3_Obj_Desktop_DockIcon.cpp">
		<Filter>GFx\AS3\Obj\Desktop</Filter>
	</ClCompile>
	<ClCompile Include="..\..\..\..\..\Src\GFx\AS3\Obj\Desktop\AS3_Obj_Desktop_NativeApplication.cpp">
		<Filter>GFx\AS3\Obj\Desktop</Filter>
	</ClCompile>
	<ClCompile Include="..\..\..\..\..\Src\GFx\AS3\Obj\Desktop\AS3_Obj_Desktop_NativeDragActions.cpp">
		<Filter>GFx\AS3\Obj\Desktop</Filter>
	</ClCompile>
	<ClCompile Include="..\..\..\..\..\Src\GFx\AS3\Obj\Desktop\AS3_Obj_Desktop_NativeDragManager.cpp">
		<Filter>GFx\AS3\Obj\Desktop</Filter>
	</ClCompile>
	<ClCompile Include="..\..\..\..\..\Src\GFx\AS3\Obj\Desktop\AS3_Obj_Desktop_NativeDragOptions.cpp">
		<Filter>GFx\AS3\Obj\Desktop</Filter>
	</ClCompile>
	<ClCompile Include="..\..\..\..\..\Src\GFx\AS3\Obj\Desktop\AS3_Obj_Desktop_NotificationType.cpp">
		<Filter>GFx\AS3\Obj\Desktop</Filter>
	</ClCompile>
	<ClCompile Include="..\..\..\..\..\Src\GFx\AS3\Obj\Desktop\AS3_Obj_Desktop_SystemTrayIcon.cpp">
		<Filter>GFx\AS3\Obj\Desktop</Filter>
	</ClCompile>
	<ClCompile Include="..\..\..\..\..\Src\GFx\AS3\Obj\Desktop\AS3_Obj_Desktop_Updater.cpp">
		<Filter>GFx\AS3\Obj\Desktop</Filter>
	</ClCompile>
	<ClCompile Include="..\..\..\..\..\Src\GFx\AS3\Obj\Display\AS3_Obj_Display_FocusDirection.cpp">
		<Filter>GFx\AS3\Obj\Display</Filter>
	</ClCompile>
	<ClCompile Include="..\..\..\..\..\Src\GFx\AS3\Obj\Display\AS3_Obj_Display_NativeMenu.cpp">
		<Filter>GFx\AS3\Obj\Display</Filter>
	</ClCompile>
	<ClCompile Include="..\..\..\..\..\Src\GFx\AS3\Obj\Display\AS3_Obj_Display_NativeMenuItem.cpp">
		<Filter>GFx\AS3\Obj\Display</Filter>
	</ClCompile>
	<ClCompile Include="..\..\..\..\..\Src\GFx\AS3\Obj\Display\AS3_Obj_Display_NativeWindow.cpp">
		<Filter>GFx\AS3\Obj\Display</Filter>
	</ClCompile>
	<ClCompile Include="..\..\..\..\..\Src\GFx\AS3\Obj\Display\AS3_Obj_Display_NativeWindowDisplayState.cpp">
		<Filter>GFx\AS3\Obj\Display</Filter>
	</ClCompile>
	<ClCompile Include="..\..\..\..\..\Src\GFx\AS3\Obj\Display\AS3_Obj_Display_NativeWindowInitOptions.cpp">
		<Filter>GFx\AS3\Obj\Display</Filter>
	</ClCompile>
	<ClCompile Include="..\..\..\..\..\Src\GFx\AS3\Obj\Display\AS3_Obj_Display_NativeWindowResize.cpp">
		<Filter>GFx\AS3\Obj\Display</Filter>
	</ClCompile>
	<ClCompile Include="..\..\..\..\..\Src\GFx\AS3\Obj\Display\AS3_Obj_Display_NativeWindowSystemChrome.cpp">
		<Filter>GFx\AS3\Obj\Display</Filter>
	</ClCompile>
	<ClCompile Include="..\..\..\..\..\Src\GFx\AS3\Obj\Display\AS3_Obj_Display_NativeWindowType.cpp">
		<Filter>GFx\AS3\Obj\Display</Filter>
	</ClCompile>
	<ClCompile Include="..\..\..\..\..\Src\GFx\AS3\Obj\Display\AS3_Obj_Display_Screen.cpp">
		<Filter>GFx\AS3\Obj\Display</Filter>
	</ClCompile>
	<ClCompile Include="..\..\..\..\..\Src\GFx\AS3\Obj\Events\AS3_Obj_Events_BrowserInvokeEvent.cpp">
		<Filter>GFx\AS3\Obj\Events</Filter>
	</ClCompile>
	<ClCompile Include="..\..\..\..\..\Src\GFx\AS3\Obj\Events\AS3_Obj_Events_DRMAuthenticateEvent.cpp">
		<Filter>GFx\AS3\Obj\Events</Filter>
	</ClCompile>
	<ClCompile Include="..\..\..\..\..\Src\GFx\AS3\Obj\Events\AS3_Obj_Events_DRMErrorEvent.cpp">
		<Filter>GFx\AS3\Obj\Events</Filter>
	</ClCompile>
	<ClCompile Include="..\..\..\..\..\Src\GFx\AS3\Obj\Events\AS3_Obj_Events_DRMStatusEvent.cpp">
		<Filter>GFx\AS3\Obj\Events</Filter>
	</ClCompile>
	<ClCompile Include="..\..\..\..\..\Src\GFx\AS3\Obj\Events\AS3_Obj_Events_FileListEvent.cpp">
		<Filter>GFx\AS3\Obj\Events</Filter>
	</ClCompile>
	<ClCompile Include="..\..\..\..\..\Src\GFx\AS3\Obj\Events\AS3_Obj_Events_HTMLUncaughtScriptExceptionEvent.cpp">
		<Filter>GFx\AS3\Obj\Events</Filter>
	</ClCompile>
	<ClCompile Include="..\..\..\..\..\Src\GFx\AS3\Obj\Events\AS3_Obj_Events_InvokeEvent.cpp">
		<Filter>GFx\AS3\Obj\Events</Filter>
	</ClCompile>
	<ClCompile Include="..\..\..\..\..\Src\GFx\AS3\Obj\Events\AS3_Obj_Events_NativeDragEvent.cpp">
		<Filter>GFx\AS3\Obj\Events</Filter>
	</ClCompile>
	<ClCompile Include="..\..\..\..\..\Src\GFx\AS3\Obj\Events\AS3_Obj_Events_NativeWindowBoundsEvent.cpp">
		<Filter>GFx\AS3\Obj\Events</Filter>
	</ClCompile>
	<ClCompile Include="..\..\..\..\..\Src\GFx\AS3\Obj\Events\AS3_Obj_Events_NativeWindowDisplayStateEvent.cpp">
		<Filter>GFx\AS3\Obj\Events</Filter>
	</ClCompile>
	<ClCompile Include="..\..\..\..\..\Src\GFx\AS3\Obj\Events\AS3_Obj_Events_OutputProgressEvent.cpp">
		<Filter>GFx\AS3\Obj\Events</Filter>
	</ClCompile>
	<ClCompile Include="..\..\..\..\..\Src\GFx\AS3\Obj\Events\AS3_Obj_Events_ScreenMouseEvent.cpp">
		<Filter>GFx\AS3\Obj\Events</Filter>
	</ClCompile>
	<ClCompile Include="..\..\..\..\..\Src\GFx\AS3\Obj\Filesystem\AS3_Obj_Filesystem_File.cpp">
		<Filter>GFx\AS3\Obj\Filesystem</Filter>
	</ClCompile>
	<ClCompile Include="..\..\..\..\..\Src\GFx\AS3\Obj\Filesystem\AS3_Obj_Filesystem_FileMode.cpp">
		<Filter>GFx\AS3\Obj\Filesystem</Filter>
	</ClCompile>
	<ClCompile Include="..\..\..\..\..\Src\GFx\AS3\Obj\Filesystem\AS3_Obj_Filesystem_FileStream.cpp">
		<Filter>GFx\AS3\Obj\Filesystem</Filter>
	</ClCompile>
	<ClCompile Include="..\..\..\..\..\Src\GFx\AS3\Obj\Html\AS3_Obj_Html_HTMLHistoryItem.cpp">
		<Filter>GFx\AS3\Obj\Html</Filter>
	</ClCompile>
	<ClCompile Include="..\..\..\..\..\Src\GFx\AS3\Obj\Html\AS3_Obj_Html_HTMLHost.cpp">
		<Filter>GFx\AS3\Obj\Html</Filter>
	</ClCompile>
	<ClCompile Include="..\..\..\..\..\Src\GFx\AS3\Obj\Html\AS3_Obj_Html_HTMLLoader.cpp">
		<Filter>GFx\AS3\Obj\Html</Filter>
	</ClCompile>
	<ClCompile Include="..\..\..\..\..\Src\GFx\AS3\Obj\Html\AS3_Obj_Html_HTMLPDFCapability.cpp">
		<Filter>GFx\AS3\Obj\Html</Filter>
	</ClCompile>
	<ClCompile Include="..\..\..\..\..\Src\GFx\AS3\Obj\Html\AS3_Obj_Html_HTMLWindowCreateOptions.cpp">
		<Filter>GFx\AS3\Obj\Html</Filter>
	</ClCompile>
	<ClCompile Include="..\..\..\..\..\Src\GFx\AS3\Obj\Net\AS3_Obj_Net_URLRequestDefaults.cpp">
		<Filter>GFx\AS3\Obj\Net</Filter>
	</ClCompile>
	<ClCompile Include="..\..\..\..\..\Src\GFx\AS3\Obj\Printing\AS3_Obj_Printing_PrintJob.cpp">
		<Filter>GFx\AS3\Obj\Printing</Filter>
	</ClCompile>
	<ClCompile Include="..\..\..\..\..\Src\GFx\AS3\Obj\Printing\AS3_Obj_Printing_PrintJobOptions.cpp">
		<Filter>GFx\AS3\Obj\Printing</Filter>
	</ClCompile>
	<ClCompile Include="..\..\..\..\..\Src\GFx\AS3\Obj\Printing\AS3_Obj_Printing_PrintJobOrientation.cpp">
		<Filter>GFx\AS3\Obj\Printing</Filter>
	</ClCompile>
	<ClCompile Include="..\..\..\..\..\Src\GFx\AS3\Obj\Sampler\AS3_Obj_Sampler_DeleteObjectSample.cpp">
		<Filter>GFx\AS3\Obj\Sampler</Filter>
	</ClCompile>
	<ClCompile Include="..\..\..\..\..\Src\GFx\AS3\Obj\Sampler\AS3_Obj_Sampler_NewObjectSample.cpp">
		<Filter>GFx\AS3\Obj\Sampler</Filter>
	</ClCompile>
	<ClCompile Include="..\..\..\..\..\Src\GFx\AS3\Obj\Sampler\AS3_Obj_Sampler_Sample.cpp">
		<Filter>GFx\AS3\Obj\Sampler</Filter>
	</ClCompile>
	<ClCompile Include="..\..\..\..\..\Src\GFx\AS3\Obj\Sampler\AS3_Obj_Sampler_StackFrame.cpp">
		<Filter>GFx\AS3\Obj\Sampler</Filter>
	</ClCompile>
	<ClCompile Include="..\..\..\..\..\Src\GFx\AS3\Obj\Security\AS3_Obj_Security_IURIDereferencer.cpp">
		<Filter>GFx\AS3\Obj\Security</Filter>
	</ClCompile>
	<ClCompile Include="..\..\..\..\..\Src\GFx\AS3\Obj\Security\AS3_Obj_Security_ReferencesValidationSetting.cpp">
		<Filter>GFx\AS3\Obj\Security</Filter>
	</ClCompile>
	<ClCompile Include="..\..\..\..\..\Src\GFx\AS3\Obj\Security\AS3_Obj_Security_RevocationCheckSettings.cpp">
		<Filter>GFx\AS3\Obj\Security</Filter>
	</ClCompile>
	<ClCompile Include="..\..\..\..\..\Src\GFx\AS3\Obj\Security\AS3_Obj_Security_SignatureStatus.cpp">
		<Filter>GFx\AS3\Obj\Security</Filter>
	</ClCompile>
	<ClCompile Include="..\..\..\..\..\Src\GFx\AS3\Obj\Security\AS3_Obj_Security_SignerTrustSettings.cpp">
		<Filter>GFx\AS3\Obj\Security</Filter>
	</ClCompile>
	<ClCompile Include="..\..\..\..\..\Src\GFx\AS3\Obj\Utils\AS3_Obj_Utils_CompressionAlgorithm.cpp">
		<Filter>GFx\AS3\Obj\Utils</Filter>
	</ClCompile>
  </ItemGroup>
  <ItemGroup>
	<ClInclude Include="..\..\..\..\..\Src\GFx\AS3\Obj\Desktop\AS3_Obj_Desktop_Clipboard.h">
		<Filter>GFx\AS3\Obj\Desktop</Filter>
	</ClInclude>
	<ClInclude Include="..\..\..\..\..\Src\GFx\AS3\Obj\Desktop\AS3_Obj_Desktop_ClipboardFormats.h">
		<Filter>GFx\AS3\Obj\Desktop</Filter>
	</ClInclude>
	<ClInclude Include="..\..\..\..\..\Src\GFx\AS3\Obj\Desktop\AS3_Obj_Desktop_ClipboardTransferMode.h">
		<Filter>GFx\AS3\Obj\Desktop</Filter>
	</ClInclude>
	<ClInclude Include="..\..\..\..\..\Src\GFx\AS3\Obj\Desktop\AS3_Obj_Desktop_Icon.h">
		<Filter>GFx\AS3\Obj\Desktop</Filter>
	</ClInclude>
	<ClInclude Include="..\..\..\..\..\Src\GFx\AS3\Obj\Desktop\AS3_Obj_Desktop_InteractiveIcon.h">
		<Filter>GFx\AS3\Obj\Desktop</Filter>
	</ClInclude>
	<ClInclude Include="..\..\..\..\..\Src\GFx\AS3\Obj\Desktop\AS3_Obj_Desktop_DockIcon.h">
		<Filter>GFx\AS3\Obj\Desktop</Filter>
	</ClInclude>
	<ClInclude Include="..\..\..\..\..\Src\GFx\AS3\Obj\Desktop\AS3_Obj_Desktop_NativeApplication.h">
		<Filter>GFx\AS3\Obj\Desktop</Filter>
	</ClInclude>
	<ClInclude Include="..\..\..\..\..\Src\GFx\AS3\Obj\Desktop\AS3_Obj_Desktop_NativeDragActions.h">
		<Filter>GFx\AS3\Obj\Desktop</Filter>
	</ClInclude>
	<ClInclude Include="..\..\..\..\..\Src\GFx\AS3\Obj\Desktop\AS3_Obj_Desktop_NativeDragManager.h">
		<Filter>GFx\AS3\Obj\Desktop</Filter>
	</ClInclude>
	<ClInclude Include="..\..\..\..\..\Src\GFx\AS3\Obj\Desktop\AS3_Obj_Desktop_NativeDragOptions.h">
		<Filter>GFx\AS3\Obj\Desktop</Filter>
	</ClInclude>
	<ClInclude Include="..\..\..\..\..\Src\GFx\AS3\Obj\Desktop\AS3_Obj_Desktop_NotificationType.h">
		<Filter>GFx\AS3\Obj\Desktop</Filter>
	</ClInclude>
	<ClInclude Include="..\..\..\..\..\Src\GFx\AS3\Obj\Desktop\AS3_Obj_Desktop_SystemTrayIcon.h">
		<Filter>GFx\AS3\Obj\Desktop</Filter>
	</ClInclude>
	<ClInclude Include="..\..\..\..\..\Src\GFx\AS3\Obj\Desktop\AS3_Obj_Desktop_Updater.h">
		<Filter>GFx\AS3\Obj\Desktop</Filter>
	</ClInclude>
	<ClInclude Include="..\..\..\..\..\Src\GFx\AS3\Obj\Display\AS3_Obj_Display_FocusDirection.h">
		<Filter>GFx\AS3\Obj\Display</Filter>
	</ClInclude>
	<ClInclude Include="..\..\..\..\..\Src\GFx\AS3\Obj\Display\AS3_Obj_Display_NativeMenu.h">
		<Filter>GFx\AS3\Obj\Display</Filter>
	</ClInclude>
	<ClInclude Include="..\..\..\..\..\Src\GFx\AS3\Obj\Display\AS3_Obj_Display_NativeMenuItem.h">
		<Filter>GFx\AS3\Obj\Display</Filter>
	</ClInclude>
	<ClInclude Include="..\..\..\..\..\Src\GFx\AS3\Obj\Display\AS3_Obj_Display_NativeWindow.h">
		<Filter>GFx\AS3\Obj\Display</Filter>
	</ClInclude>
	<ClInclude Include="..\..\..\..\..\Src\GFx\AS3\Obj\Display\AS3_Obj_Display_NativeWindowDisplayState.h">
		<Filter>GFx\AS3\Obj\Display</Filter>
	</ClInclude>
	<ClInclude Include="..\..\..\..\..\Src\GFx\AS3\Obj\Display\AS3_Obj_Display_NativeWindowInitOptions.h">
		<Filter>GFx\AS3\Obj\Display</Filter>
	</ClInclude>
	<ClInclude Include="..\..\..\..\..\Src\GFx\AS3\Obj\Display\AS3_Obj_Display_NativeWindowResize.h">
		<Filter>GFx\AS3\Obj\Display</Filter>
	</ClInclude>
	<ClInclude Include="..\..\..\..\..\Src\GFx\AS3\Obj\Display\AS3_Obj_Display_NativeWindowSystemChrome.h">
		<Filter>GFx\AS3\Obj\Display</Filter>
	</ClInclude>
	<ClInclude Include="..\..\..\..\..\Src\GFx\AS3\Obj\Display\AS3_Obj_Display_NativeWindowType.h">
		<Filter>GFx\AS3\Obj\Display</Filter>
	</ClInclude>
	<ClInclude Include="..\..\..\..\..\Src\GFx\AS3\Obj\Display\AS3_Obj_Display_Screen.h">
		<Filter>GFx\AS3\Obj\Display</Filter>
	</ClInclude>
	<ClInclude Include="..\..\..\..\..\Src\GFx\AS3\Obj\Events\AS3_Obj_Events_BrowserInvokeEvent.h">
		<Filter>GFx\AS3\Obj\Events</Filter>
	</ClInclude>
	<ClInclude Include="..\..\..\..\..\Src\GFx\AS3\Obj\Events\AS3_Obj_Events_DRMAuthenticateEvent.h">
		<Filter>GFx\AS3\Obj\Events</Filter>
	</ClInclude>
	<ClInclude Include="..\..\..\..\..\Src\GFx\AS3\Obj\Events\AS3_Obj_Events_DRMErrorEvent.h">
		<Filter>GFx\AS3\Obj\Events</Filter>
	</ClInclude>
	<ClInclude Include="..\..\..\..\..\Src\GFx\AS3\Obj\Events\AS3_Obj_Events_DRMStatusEvent.h">
		<Filter>GFx\AS3\Obj\Events</Filter>
	</ClInclude>
	<ClInclude Include="..\..\..\..\..\Src\GFx\AS3\Obj\Events\AS3_Obj_Events_FileListEvent.h">
		<Filter>GFx\AS3\Obj\Events</Filter>
	</ClInclude>
	<ClInclude Include="..\..\..\..\..\Src\GFx\AS3\Obj\Events\AS3_Obj_Events_HTMLUncaughtScriptExceptionEvent.h">
		<Filter>GFx\AS3\Obj\Events</Filter>
	</ClInclude>
	<ClInclude Include="..\..\..\..\..\Src\GFx\AS3\Obj\Events\AS3_Obj_Events_InvokeEvent.h">
		<Filter>GFx\AS3\Obj\Events</Filter>
	</ClInclude>
	<ClInclude Include="..\..\..\..\..\Src\GFx\AS3\Obj\Events\AS3_Obj_Events_NativeDragEvent.h">
		<Filter>GFx\AS3\Obj\Events</Filter>
	</ClInclude>
	<ClInclude Include="..\..\..\..\..\Src\GFx\AS3\Obj\Events\AS3_Obj_Events_NativeWindowBoundsEvent.h">
		<Filter>GFx\AS3\Obj\Events</Filter>
	</ClInclude>
	<ClInclude Include="..\..\..\..\..\Src\GFx\AS3\Obj\Events\AS3_Obj_Events_NativeWindowDisplayStateEvent.h">
		<Filter>GFx\AS3\Obj\Events</Filter>
	</ClInclude>
	<ClInclude Include="..\..\..\..\..\Src\GFx\AS3\Obj\Events\AS3_Obj_Events_OutputProgressEvent.h">
		<Filter>GFx\AS3\Obj\Events</Filter>
	</ClInclude>
	<ClInclude Include="..\..\..\..\..\Src\GFx\AS3\Obj\Events\AS3_Obj_Events_ScreenMouseEvent.h">
		<Filter>GFx\AS3\Obj\Events</Filter>
	</ClInclude>
	<ClInclude Include="..\..\..\..\..\Src\GFx\AS3\Obj\Filesystem\AS3_Obj_Filesystem_File.h">
		<Filter>GFx\AS3\Obj\Filesystem</Filter>
	</ClInclude>
	<ClInclude Include="..\..\..\..\..\Src\GFx\AS3\Obj\Filesystem\AS3_Obj_Filesystem_FileMode.h">
		<Filter>GFx\AS3\Obj\Filesystem</Filter>
	</ClInclude>
	<ClInclude Include="..\..\..\..\..\Src\GFx\AS3\Obj\Filesystem\AS3_Obj_Filesystem_FileStream.h">
		<Filter>GFx\AS3\Obj\Filesystem</Filter>
	</ClInclude>
	<ClInclude Include="..\..\..\..\..\Src\GFx\AS3\Obj\Html\AS3_Obj_Html_HTMLHistoryItem.h">
		<Filter>GFx\AS3\Obj\Html</Filter>
	</ClInclude>
	<ClInclude Include="..\..\..\..\..\Src\GFx\AS3\Obj\Html\AS3_Obj_Html_HTMLHost.h">
		<Filter>GFx\AS3\Obj\Html</Filter>
	</ClInclude>
	<ClInclude Include="..\..\..\..\..\Src\GFx\AS3\Obj\Html\AS3_Obj_Html_HTMLLoader.h">
		<Filter>GFx\AS3\Obj\Html</Filter>
	</ClInclude>
	<ClInclude Include="..\..\..\..\..\Src\GFx\AS3\Obj\Html\AS3_Obj_Html_HTMLPDFCapability.h">
		<Filter>GFx\AS3\Obj\Html</Filter>
	</ClInclude>
	<ClInclude Include="..\..\..\..\..\Src\GFx\AS3\Obj\Html\AS3_Obj_Html_HTMLWindowCreateOptions.h">
		<Filter>GFx\AS3\Obj\Html</Filter>
	</ClInclude>
	<ClInclude Include="..\..\..\..\..\Src\GFx\AS3\Obj\Net\AS3_Obj_Net_URLRequestDefaults.h">
		<Filter>GFx\AS3\Obj\Net</Filter>
	</ClInclude>
	<ClInclude Include="..\..\..\..\..\Src\GFx\AS3\Obj\Printing\AS3_Obj_Printing_PrintJob.h">
		<Filter>GFx\AS3\Obj\Printing</Filter>
	</ClInclude>
	<ClInclude Include="..\..\..\..\..\Src\GFx\AS3\Obj\Printing\AS3_Obj_Printing_PrintJobOptions.h">
		<Filter>GFx\AS3\Obj\Printing</Filter>
	</ClInclude>
	<ClInclude Include="..\..\..\..\..\Src\GFx\AS3\Obj\Printing\AS3_Obj_Printing_PrintJobOrientation.h">
		<Filter>GFx\AS3\Obj\Printing</Filter>
	</ClInclude>
	<ClInclude Include="..\..\..\..\..\Src\GFx\AS3\Obj\Sampler\AS3_Obj_Sampler_DeleteObjectSample.h">
		<Filter>GFx\AS3\Obj\Sampler</Filter>
	</ClInclude>
	<ClInclude Include="..\..\..\..\..\Src\GFx\AS3\Obj\Sampler\AS3_Obj_Sampler_NewObjectSample.h">
		<Filter>GFx\AS3\Obj\Sampler</Filter>
	</ClInclude>
	<ClInclude Include="..\..\..\..\..\Src\GFx\AS3\Obj\Sampler\AS3_Obj_Sampler_Sample.h">
		<Filter>GFx\AS3\Obj\Sampler</Filter>
	</ClInclude>
	<ClInclude Include="..\..\..\..\..\Src\GFx\AS3\Obj\Sampler\AS3_Obj_Sampler_StackFrame.h">
		<Filter>GFx\AS3\Obj\Sampler</Filter>
	</ClInclude>
	<ClInclude Include="..\..\..\..\..\Src\GFx\AS3\Obj\Security\AS3_Obj_Security_IURIDereferencer.h">
		<Filter>GFx\AS3\Obj\Security</Filter>
	</ClInclude>
	<ClInclude Include="..\..\..\..\..\Src\GFx\AS3\Obj\Security\AS3_Obj_Security_ReferencesValidationSetting.h">
		<Filter>GFx\AS3\Obj\Security</Filter>
	</ClInclude>
	<ClInclude Include="..\..\..\..\..\Src\GFx\AS3\Obj\Security\AS3_Obj_Security_RevocationCheckSettings.h">
		<Filter>GFx\AS3\Obj\Security</Filter>
	</ClInclude>
	<ClInclude Include="..\..\..\..\..\Src\GFx\AS3\Obj\Security\AS3_Obj_Security_SignatureStatus.h">
		<Filter>GFx\AS3\Obj\Security</Filter>
	</ClInclude>
	<ClInclude Include="..\..\..\..\..\Src\GFx\AS3\Obj\Security\AS3_Obj_Security_SignerTrustSettings.h">
		<Filter>GFx\AS3\Obj\Security</Filter>
	</ClInclude>
	<ClInclude Include="..\..\..\..\..\Src\GFx\AS3\Obj\Utils\AS3_Obj_Utils_CompressionAlgorithm.h">
		<Filter>GFx\AS3\Obj\Utils</Filter>
	</ClInclude>
  </ItemGroup>
</Project>